<?xml version="1.0" encoding="UTF-8" standalone="yes" ?>
<CodeBlocks_project_file>
	<FileVersion major="1" minor="6" />
	<Project>
		<Option title="evds" />
		<Option pch_mode="2" />
		<Option compiler="gcc" />
		<Build>
			<Target title="Debug|x32">
				<Option output="../../bin/libevds.a" prefix_auto="0" extension_auto="0" />
				<Option object_output="obj/x32/Debug/evds" />
				<Option type="2" />
				<Option compiler="gcc" />
				<Compiler>
					<Add option="-g" />
					<Add option="-m32" />
					<Add option="-DDEBUG" />
					<Add option="-DEVDS_LIBRARY" />
					<Add option="-DSIMC_LIBRARY" />
					<Add directory="../../external/evds/include" />
					<Add directory="../../external/evds/external/simc/include" />
				</Compiler>
				<Linker>
					<Add option="-m32" />
					<Add option="-L/usr/lib32" />
				</Linker>
			</Target>
			<Target title="Release|x32">
				<Option output="../../bin/libevds.a" prefix_auto="0" extension_auto="0" />
				<Option object_output="obj/x32/Release/evds" />
				<Option type="2" />
				<Option compiler="gcc" />
				<Compiler>
					<Add option="-O2" />
					<Add option="-m32" />
					<Add option="-DNDEBUG" />
					<Add option="-DEVDS_LIBRARY" />
					<Add option="-DSIMC_LIBRARY" />
					<Add directory="../../external/evds/include" />
					<Add directory="../../external/evds/external/simc/include" />
				</Compiler>
				<Linker>
					<Add option="-s" />
					<Add option="-m32" />
					<Add option="-L/usr/lib32" />
				</Linker>
			</Target>
			<Target title="Debug|x32">
				<Option output="../../bin/libevds.a" prefix_auto="0" extension_auto="0" />
				<Option object_output="obj/x32/Debug/evds" />
				<Option type="2" />
				<Option compiler="gcc" />
				<Compiler>
					<Add option="-g" />
					<Add option="-m32" />
					<Add option="-DDEBUG" />
					<Add option="-DEVDS_LIBRARY" />
					<Add option="-DSIMC_LIBRARY" />
					<Add directory="../../external/evds/include" />
					<Add directory="../../external/evds/external/simc/include" />
				</Compiler>
				<Linker>
					<Add option="-m32" />
					<Add option="-L/usr/lib32" />
				</Linker>
			</Target>
			<Target title="Release|x32">
				<Option output="../../bin/libevds.a" prefix_auto="0" extension_auto="0" />
				<Option object_output="obj/x32/Release/evds" />
				<Option type="2" />
				<Option compiler="gcc" />
				<Compiler>
					<Add option="-O2" />
					<Add option="-m32" />
					<Add option="-DNDEBUG" />
					<Add option="-DEVDS_LIBRARY" />
					<Add option="-DSIMC_LIBRARY" />
					<Add directory="../../external/evds/include" />
					<Add directory="../../external/evds/external/simc/include" />
				</Compiler>
				<Linker>
					<Add option="-s" />
					<Add option="-m32" />
					<Add option="-L/usr/lib32" />
				</Linker>
			</Target>
			<Target title="DebugDynamic|x32">
				<Option output="../../bin/libevds.so" prefix_auto="0" extension_auto="0" />
				<Option object_output="obj/x32/DebugDynamic/evds" />
				<Option type="3" />
				<Option compiler="gcc" />
				<Option createDefFile="0" />
				<Option createStaticLib="1" />
				<Compiler>
					<Add option="-m32" />
					<Add option="-fPIC" />
					<Add option="-DEVDS_LIBRARY" />
					<Add option="-DSIMC_LIBRARY" />
					<Add directory="../../external/evds/include" />
					<Add directory="../../external/evds/external/simc/include" />
				</Compiler>
				<Linker>
					<Add option="-s" />
					<Add option="-shared" />
					<Add option="-m32" />
					<Add option="-L/usr/lib32" />
				</Linker>
			</Target>
			<Target title="ReleaseDynamic|x32">
				<Option output="../../bin/libevds.so" prefix_auto="0" extension_auto="0" />
				<Option object_output="obj/x32/ReleaseDynamic/evds" />
				<Option type="3" />
				<Option compiler="gcc" />
				<Option createDefFile="0" />
				<Option createStaticLib="1" />
				<Compiler>
					<Add option="-m32" />
					<Add option="-fPIC" />
					<Add option="-DEVDS_LIBRARY" />
					<Add option="-DSIMC_LIBRARY" />
					<Add directory="../../external/evds/include" />
					<Add directory="../../external/evds/external/simc/include" />
				</Compiler>
				<Linker>
					<Add option="-s" />
					<Add option="-shared" />
					<Add option="-m32" />
					<Add option="-L/usr/lib32" />
				</Linker>
			</Target>
			<Target title="DebugSingleThread|x32">
				<Option output="../../bin/libevds.a" prefix_auto="0" extension_auto="0" />
				<Option object_output="obj/x32/DebugSingleThread/evds" />
				<Option type="2" />
				<Option compiler="gcc" />
				<Compiler>
					<Add option="-m32" />
					<Add option="-DEVDS_LIBRARY" />
					<Add option="-DSIMC_LIBRARY" />
					<Add directory="../../external/evds/include" />
					<Add directory="../../external/evds/external/simc/include" />
				</Compiler>
				<Linker>
					<Add option="-s" />
					<Add option="-m32" />
					<Add option="-L/usr/lib32" />
				</Linker>
			</Target>
			<Target title="ReleaseSingleThread|x32">
				<Option output="../../bin/libevds.a" prefix_auto="0" extension_auto="0" />
				<Option object_output="obj/x32/ReleaseSingleThread/evds" />
				<Option type="2" />
				<Option compiler="gcc" />
				<Compiler>
					<Add option="-m32" />
					<Add option="-DEVDS_LIBRARY" />
					<Add option="-DSIMC_LIBRARY" />
					<Add directory="../../external/evds/include" />
					<Add directory="../../external/evds/external/simc/include" />
				</Compiler>
				<Linker>
					<Add option="-s" />
					<Add option="-m32" />
					<Add option="-L/usr/lib32" />
				</Linker>
			</Target>
			<Target title="DebugSingleThreadDynamic|x32">
				<Option output="../../bin/libevds.so" prefix_auto="0" extension_auto="0" />
				<Option object_output="obj/x32/DebugSingleThreadDynamic/evds" />
				<Option type="3" />
				<Option compiler="gcc" />
				<Option createDefFile="0" />
				<Option createStaticLib="1" />
				<Compiler>
					<Add option="-m32" />
					<Add option="-fPIC" />
					<Add option="-DEVDS_LIBRARY" />
					<Add option="-DSIMC_LIBRARY" />
					<Add directory="../../external/evds/include" />
					<Add directory="../../external/evds/external/simc/include" />
				</Compiler>
				<Linker>
					<Add option="-s" />
					<Add option="-shared" />
					<Add option="-m32" />
					<Add option="-L/usr/lib32" />
				</Linker>
			</Target>
			<Target title="ReleaseSingleThreadDynamic|x32">
				<Option output="../../bin/libevds.so" prefix_auto="0" extension_auto="0" />
				<Option object_output="obj/x32/ReleaseSingleThreadDynamic/evds" />
				<Option type="3" />
				<Option compiler="gcc" />
				<Option createDefFile="0" />
				<Option createStaticLib="1" />
				<Compiler>
					<Add option="-m32" />
					<Add option="-fPIC" />
					<Add option="-DEVDS_LIBRARY" />
					<Add option="-DSIMC_LIBRARY" />
					<Add directory="../../external/evds/include" />
					<Add directory="../../external/evds/external/simc/include" />
				</Compiler>
				<Linker>
					<Add option="-s" />
					<Add option="-shared" />
					<Add option="-m32" />
					<Add option="-L/usr/lib32" />
				</Linker>
			</Target>
			<Target title="Debug|x64">
				<Option output="../../bin/libevds.a" prefix_auto="0" extension_auto="0" />
				<Option object_output="obj/x64/Debug/evds" />
				<Option type="2" />
				<Option compiler="gcc" />
				<Compiler>
					<Add option="-g" />
					<Add option="-m64" />
					<Add option="-DDEBUG" />
					<Add option="-DEVDS_LIBRARY" />
					<Add option="-DSIMC_LIBRARY" />
					<Add directory="../../external/evds/include" />
					<Add directory="../../external/evds/external/simc/include" />
				</Compiler>
				<Linker>
					<Add option="-m64" />
					<Add option="-L/usr/lib64" />
				</Linker>
			</Target>
			<Target title="Release|x64">
				<Option output="../../bin/libevds.a" prefix_auto="0" extension_auto="0" />
				<Option object_output="obj/x64/Release/evds" />
				<Option type="2" />
				<Option compiler="gcc" />
				<Compiler>
					<Add option="-O2" />
					<Add option="-m64" />
					<Add option="-DNDEBUG" />
					<Add option="-DEVDS_LIBRARY" />
					<Add option="-DSIMC_LIBRARY" />
					<Add directory="../../external/evds/include" />
					<Add directory="../../external/evds/external/simc/include" />
				</Compiler>
				<Linker>
					<Add option="-s" />
					<Add option="-m64" />
					<Add option="-L/usr/lib64" />
				</Linker>
			</Target>
			<Target title="Debug|x64">
				<Option output="../../bin/libevds.a" prefix_auto="0" extension_auto="0" />
				<Option object_output="obj/x64/Debug/evds" />
				<Option type="2" />
				<Option compiler="gcc" />
				<Compiler>
					<Add option="-g" />
					<Add option="-m64" />
					<Add option="-DDEBUG" />
					<Add option="-DEVDS_LIBRARY" />
					<Add option="-DSIMC_LIBRARY" />
					<Add directory="../../external/evds/include" />
					<Add directory="../../external/evds/external/simc/include" />
				</Compiler>
				<Linker>
					<Add option="-m64" />
					<Add option="-L/usr/lib64" />
				</Linker>
			</Target>
			<Target title="Release|x64">
				<Option output="../../bin/libevds.a" prefix_auto="0" extension_auto="0" />
				<Option object_output="obj/x64/Release/evds" />
				<Option type="2" />
				<Option compiler="gcc" />
				<Compiler>
					<Add option="-O2" />
					<Add option="-m64" />
					<Add option="-DNDEBUG" />
					<Add option="-DEVDS_LIBRARY" />
					<Add option="-DSIMC_LIBRARY" />
					<Add directory="../../external/evds/include" />
					<Add directory="../../external/evds/external/simc/include" />
				</Compiler>
				<Linker>
					<Add option="-s" />
					<Add option="-m64" />
					<Add option="-L/usr/lib64" />
				</Linker>
			</Target>
			<Target title="DebugDynamic|x64">
				<Option output="../../bin/libevds.so" prefix_auto="0" extension_auto="0" />
				<Option object_output="obj/x64/DebugDynamic/evds" />
				<Option type="3" />
				<Option compiler="gcc" />
				<Option createDefFile="0" />
				<Option createStaticLib="1" />
				<Compiler>
					<Add option="-m64" />
					<Add option="-fPIC" />
					<Add option="-DEVDS_LIBRARY" />
					<Add option="-DSIMC_LIBRARY" />
					<Add directory="../../external/evds/include" />
					<Add directory="../../external/evds/external/simc/include" />
				</Compiler>
				<Linker>
					<Add option="-s" />
					<Add option="-shared" />
					<Add option="-m64" />
					<Add option="-L/usr/lib64" />
				</Linker>
			</Target>
			<Target title="ReleaseDynamic|x64">
				<Option output="../../bin/libevds.so" prefix_auto="0" extension_auto="0" />
				<Option object_output="obj/x64/ReleaseDynamic/evds" />
				<Option type="3" />
				<Option compiler="gcc" />
				<Option createDefFile="0" />
				<Option createStaticLib="1" />
				<Compiler>
					<Add option="-m64" />
					<Add option="-fPIC" />
					<Add option="-DEVDS_LIBRARY" />
					<Add option="-DSIMC_LIBRARY" />
					<Add directory="../../external/evds/include" />
					<Add directory="../../external/evds/external/simc/include" />
				</Compiler>
				<Linker>
					<Add option="-s" />
					<Add option="-shared" />
					<Add option="-m64" />
					<Add option="-L/usr/lib64" />
				</Linker>
			</Target>
			<Target title="DebugSingleThread|x64">
				<Option output="../../bin/libevds.a" prefix_auto="0" extension_auto="0" />
				<Option object_output="obj/x64/DebugSingleThread/evds" />
				<Option type="2" />
				<Option compiler="gcc" />
				<Compiler>
					<Add option="-m64" />
					<Add option="-DEVDS_LIBRARY" />
					<Add option="-DSIMC_LIBRARY" />
					<Add directory="../../external/evds/include" />
					<Add directory="../../external/evds/external/simc/include" />
				</Compiler>
				<Linker>
					<Add option="-s" />
					<Add option="-m64" />
					<Add option="-L/usr/lib64" />
				</Linker>
			</Target>
			<Target title="ReleaseSingleThread|x64">
				<Option output="../../bin/libevds.a" prefix_auto="0" extension_auto="0" />
				<Option object_output="obj/x64/ReleaseSingleThread/evds" />
				<Option type="2" />
				<Option compiler="gcc" />
				<Compiler>
					<Add option="-m64" />
					<Add option="-DEVDS_LIBRARY" />
					<Add option="-DSIMC_LIBRARY" />
					<Add directory="../../external/evds/include" />
					<Add directory="../../external/evds/external/simc/include" />
				</Compiler>
				<Linker>
					<Add option="-s" />
					<Add option="-m64" />
					<Add option="-L/usr/lib64" />
				</Linker>
			</Target>
			<Target title="DebugSingleThreadDynamic|x64">
				<Option output="../../bin/libevds.so" prefix_auto="0" extension_auto="0" />
				<Option object_output="obj/x64/DebugSingleThreadDynamic/evds" />
				<Option type="3" />
				<Option compiler="gcc" />
				<Option createDefFile="0" />
				<Option createStaticLib="1" />
				<Compiler>
					<Add option="-m64" />
					<Add option="-fPIC" />
					<Add option="-DEVDS_LIBRARY" />
					<Add option="-DSIMC_LIBRARY" />
					<Add directory="../../external/evds/include" />
					<Add directory="../../external/evds/external/simc/include" />
				</Compiler>
				<Linker>
					<Add option="-s" />
					<Add option="-shared" />
					<Add option="-m64" />
					<Add option="-L/usr/lib64" />
				</Linker>
			</Target>
			<Target title="ReleaseSingleThreadDynamic|x64">
				<Option output="../../bin/libevds.so" prefix_auto="0" extension_auto="0" />
				<Option object_output="obj/x64/ReleaseSingleThreadDynamic/evds" />
				<Option type="3" />
				<Option compiler="gcc" />
				<Option createDefFile="0" />
				<Option createStaticLib="1" />
				<Compiler>
					<Add option="-m64" />
					<Add option="-fPIC" />
					<Add option="-DEVDS_LIBRARY" />
					<Add option="-DSIMC_LIBRARY" />
					<Add directory="../../external/evds/include" />
					<Add directory="../../external/evds/external/simc/include" />
				</Compiler>
				<Linker>
					<Add option="-s" />
					<Add option="-shared" />
					<Add option="-m64" />
					<Add option="-L/usr/lib64" />
				</Linker>
			</Target>
		</Build>
		<Unit filename="../../external/evds/source/evds_core/evds_object.c">
			<Option virtualFolder="external/evds/source/evds_core" />
		</Unit>
		<Unit filename="../../external/evds/source/evds_core/evds_variable.c">
			<Option virtualFolder="external/evds/source/evds_core" />
		</Unit>
		<Unit filename="../../external/evds/source/evds_core/evds_mesh.c">
			<Option virtualFolder="external/evds/source/evds_core" />
		</Unit>
		<Unit filename="../../external/evds/source/evds_core/evds_modifier.c">
			<Option virtualFolder="external/evds/source/evds_core" />
		</Unit>
		<Unit filename="../../external/evds/source/evds_core/evds_save.c">
			<Option virtualFolder="external/evds/source/evds_core" />
		</Unit>
		<Unit filename="../../external/evds/source/evds_core/evds_system.c">
			<Option virtualFolder="external/evds/source/evds_core" />
		</Unit>
		<Unit filename="../../external/evds/source/evds_core/evds_math.c">
			<Option virtualFolder="external/evds/source/evds_core" />
		</Unit>
		<Unit filename="../../external/evds/source/evds_core/evds_env.c">
			<Option virtualFolder="external/evds/source/evds_core" />
		</Unit>
		<Unit filename="../../external/evds/source/evds_core/evds_load.c">
			<Option virtualFolder="external/evds/source/evds_core" />
		</Unit>
		<Unit filename="../../external/evds/source/evds_common/evds_planet.c">
			<Option virtualFolder="external/evds/source/evds_common" />
		</Unit>
		<Unit filename="../../external/evds/source/evds_common/evds_gimbal.c">
			<Option virtualFolder="external/evds/source/evds_common" />
		</Unit>
		<Unit filename="../../external/evds/source/evds_common/evds_database.c">
			<Option virtualFolder="external/evds/source/evds_common" />
		</Unit>
		<Unit filename="../../external/evds/source/evds_common/evds_body.c">
			<Option virtualFolder="external/evds/source/evds_common" />
		</Unit>
		<Unit filename="../../external/evds/source/evds_common/evds_prop_rk4.c">
			<Option virtualFolder="external/evds/source/evds_common" />
		</Unit>
		<Unit filename="../../external/evds/source/evds_common/evds_engine.c">
			<Option virtualFolder="external/evds/source/evds_common" />
		</Unit>
		<Unit filename="../../external/evds/source/evds_common/evds_fueltank.c">
			<Option virtualFolder="external/evds/source/evds_common" />
		</Unit>
		<Unit filename="../../external/evds/source/evds_common/evds_database.xml">
			<Option virtualFolder="external/evds/source/evds_common" />
		</Unit>
		<Unit filename="../../external/evds/source/evds_common/evds_prop_heun.c">
			<Option virtualFolder="external/evds/source/evds_common" />
		</Unit>
		<Unit filename="../../external/evds/include/evds_common.h">
			<Option virtualFolder="external/evds/include" />
		</Unit>
		<Unit filename="../../external/evds/include/evds_database.h">
			<Option virtualFolder="external/evds/include" />
		</Unit>
		<Unit filename="../../external/evds/include/evds.h">
			<Option virtualFolder="external/evds/include" />
		</Unit>
		<Unit filename="../../external/evds/include/evds_internal.h">
			<Option virtualFolder="external/evds/include" />
		</Unit>
		<Extensions>
		</Extensions>
	</Project>
</CodeBlocks_project_file>

