<?xml version="1.0" encoding="UTF-8" standalone="yes" ?>
<CodeBlocks_project_file>
	<FileVersion major="1" minor="6" />
	<Project>
		<Option title="Irrlicht" />
		<Option pch_mode="2" />
		<Option compiler="gcc" />
		<Build>
			<Target title="Debug|x32">
				<Option output="../../bin/libIrrlichtd32.a" prefix_auto="0" extension_auto="0" />
				<Option object_output="obj/x32/Debug/Irrlicht" />
				<Option type="2" />
				<Option compiler="gcc" />
				<Compiler>
					<Add option="-g" />
					<Add option="-m32" />
					<Add option="-DDEBUG" />
					<Add option="-D_IRR_STATIC_LIB_" />
					<Add directory="../../external/irrlicht/include" />
					<Add directory="../../external/irrlicht/source/aesGladman" />
					<Add directory="../../external/irrlicht/source/jpeglib" />
					<Add directory="../../external/irrlicht/source/libpng" />
					<Add directory="../../external/irrlicht/source/bzip2" />
					<Add directory="../../external/irrlicht/source/lzma" />
					<Add directory="../../external/irrlicht/source/zlib" />
				</Compiler>
				<Linker>
					<Add option="-m32" />
					<Add option="-L/usr/lib32" />
					<Add option="-lstdc++" />
					<Add library="m" />
					<Add library="pthread" />
				</Linker>
			</Target>
			<Target title="Release|x32">
				<Option output="../../bin/libIrrlicht32.a" prefix_auto="0" extension_auto="0" />
				<Option object_output="obj/x32/Release/Irrlicht" />
				<Option type="2" />
				<Option compiler="gcc" />
				<Compiler>
					<Add option="-O2" />
					<Add option="-g" />
					<Add option="-m32" />
					<Add option="-DNDEBUG" />
					<Add option="-D_IRR_STATIC_LIB_" />
					<Add directory="../../external/irrlicht/include" />
					<Add directory="../../external/irrlicht/source/aesGladman" />
					<Add directory="../../external/irrlicht/source/jpeglib" />
					<Add directory="../../external/irrlicht/source/libpng" />
					<Add directory="../../external/irrlicht/source/bzip2" />
					<Add directory="../../external/irrlicht/source/lzma" />
					<Add directory="../../external/irrlicht/source/zlib" />
				</Compiler>
				<Linker>
					<Add option="-m32" />
					<Add option="-L/usr/lib32" />
					<Add option="-lstdc++" />
					<Add library="m" />
					<Add library="pthread" />
				</Linker>
			</Target>
			<Target title="Debug|x32">
				<Option output="../../bin/libIrrlichtd32.a" prefix_auto="0" extension_auto="0" />
				<Option object_output="obj/x32/Debug/Irrlicht" />
				<Option type="2" />
				<Option compiler="gcc" />
				<Compiler>
					<Add option="-g" />
					<Add option="-m32" />
					<Add option="-DDEBUG" />
					<Add option="-D_IRR_STATIC_LIB_" />
					<Add directory="../../external/irrlicht/include" />
					<Add directory="../../external/irrlicht/source/aesGladman" />
					<Add directory="../../external/irrlicht/source/jpeglib" />
					<Add directory="../../external/irrlicht/source/libpng" />
					<Add directory="../../external/irrlicht/source/bzip2" />
					<Add directory="../../external/irrlicht/source/lzma" />
					<Add directory="../../external/irrlicht/source/zlib" />
				</Compiler>
				<Linker>
					<Add option="-m32" />
					<Add option="-L/usr/lib32" />
					<Add option="-lstdc++" />
					<Add library="m" />
					<Add library="pthread" />
				</Linker>
			</Target>
			<Target title="Release|x32">
				<Option output="../../bin/libIrrlicht32.a" prefix_auto="0" extension_auto="0" />
				<Option object_output="obj/x32/Release/Irrlicht" />
				<Option type="2" />
				<Option compiler="gcc" />
				<Compiler>
					<Add option="-O2" />
					<Add option="-g" />
					<Add option="-m32" />
					<Add option="-DNDEBUG" />
					<Add option="-D_IRR_STATIC_LIB_" />
					<Add directory="../../external/irrlicht/include" />
					<Add directory="../../external/irrlicht/source/aesGladman" />
					<Add directory="../../external/irrlicht/source/jpeglib" />
					<Add directory="../../external/irrlicht/source/libpng" />
					<Add directory="../../external/irrlicht/source/bzip2" />
					<Add directory="../../external/irrlicht/source/lzma" />
					<Add directory="../../external/irrlicht/source/zlib" />
				</Compiler>
				<Linker>
					<Add option="-m32" />
					<Add option="-L/usr/lib32" />
					<Add option="-lstdc++" />
					<Add library="m" />
					<Add library="pthread" />
				</Linker>
			</Target>
			<Target title="DebugDynamic|x32">
				<Option output="../../bin/libIrrlichtd32.a" prefix_auto="0" extension_auto="0" />
				<Option object_output="obj/x32/DebugDynamic/Irrlicht" />
				<Option type="2" />
				<Option compiler="gcc" />
				<Compiler>
					<Add option="-g" />
					<Add option="-m32" />
					<Add option="-D_IRR_STATIC_LIB_" />
					<Add option="-DDEBUG" />
					<Add option="-DEVDS_DYNAMIC" />
					<Add option="-DIVSS_DYNAMIC" />
					<Add option="-DRDRS_DYNAMIC" />
					<Add option="-DSIMC_DYNAMIC" />
					<Add directory="../../external/irrlicht/include" />
					<Add directory="../../external/irrlicht/source/aesGladman" />
					<Add directory="../../external/irrlicht/source/jpeglib" />
					<Add directory="../../external/irrlicht/source/libpng" />
					<Add directory="../../external/irrlicht/source/bzip2" />
					<Add directory="../../external/irrlicht/source/lzma" />
					<Add directory="../../external/irrlicht/source/zlib" />
				</Compiler>
				<Linker>
					<Add option="-m32" />
					<Add option="-L/usr/lib32" />
					<Add option="-lstdc++" />
					<Add library="m" />
					<Add library="pthread" />
				</Linker>
			</Target>
			<Target title="ReleaseDynamic|x32">
				<Option output="../../bin/libIrrlicht32.a" prefix_auto="0" extension_auto="0" />
				<Option object_output="obj/x32/ReleaseDynamic/Irrlicht" />
				<Option type="2" />
				<Option compiler="gcc" />
				<Compiler>
					<Add option="-O2" />
					<Add option="-g" />
					<Add option="-m32" />
					<Add option="-D_IRR_STATIC_LIB_" />
					<Add option="-DEVDS_DYNAMIC" />
					<Add option="-DIVSS_DYNAMIC" />
					<Add option="-DRDRS_DYNAMIC" />
					<Add option="-DSIMC_DYNAMIC" />
					<Add directory="../../external/irrlicht/include" />
					<Add directory="../../external/irrlicht/source/aesGladman" />
					<Add directory="../../external/irrlicht/source/jpeglib" />
					<Add directory="../../external/irrlicht/source/libpng" />
					<Add directory="../../external/irrlicht/source/bzip2" />
					<Add directory="../../external/irrlicht/source/lzma" />
					<Add directory="../../external/irrlicht/source/zlib" />
				</Compiler>
				<Linker>
					<Add option="-m32" />
					<Add option="-L/usr/lib32" />
					<Add option="-lstdc++" />
					<Add library="m" />
					<Add library="pthread" />
				</Linker>
			</Target>
			<Target title="DebugSingleThread|x32">
				<Option output="../../bin/libIrrlicht_std32.a" prefix_auto="0" extension_auto="0" />
				<Option object_output="obj/x32/DebugSingleThread/Irrlicht" />
				<Option type="2" />
				<Option compiler="gcc" />
				<Compiler>
					<Add option="-g" />
					<Add option="-m32" />
					<Add option="-D_IRR_STATIC_LIB_" />
					<Add option="-DDEBUG" />
					<Add option="-DEVDS_SINGLETHREADED" />
					<Add option="-DIVSS_SINGLETHREADED" />
					<Add option="-DRDRS_SINGLETHREADED" />
					<Add option="-DSIMC_SINGLETHREADED" />
					<Add directory="../../external/irrlicht/include" />
					<Add directory="../../external/irrlicht/source/aesGladman" />
					<Add directory="../../external/irrlicht/source/jpeglib" />
					<Add directory="../../external/irrlicht/source/libpng" />
					<Add directory="../../external/irrlicht/source/bzip2" />
					<Add directory="../../external/irrlicht/source/lzma" />
					<Add directory="../../external/irrlicht/source/zlib" />
				</Compiler>
				<Linker>
					<Add option="-m32" />
					<Add option="-L/usr/lib32" />
					<Add option="-lstdc++" />
					<Add library="m" />
					<Add library="pthread" />
				</Linker>
			</Target>
			<Target title="ReleaseSingleThread|x32">
				<Option output="../../bin/libIrrlicht_st32.a" prefix_auto="0" extension_auto="0" />
				<Option object_output="obj/x32/ReleaseSingleThread/Irrlicht" />
				<Option type="2" />
				<Option compiler="gcc" />
				<Compiler>
					<Add option="-O2" />
					<Add option="-g" />
					<Add option="-m32" />
					<Add option="-D_IRR_STATIC_LIB_" />
					<Add option="-DEVDS_SINGLETHREADED" />
					<Add option="-DIVSS_SINGLETHREADED" />
					<Add option="-DRDRS_SINGLETHREADED" />
					<Add option="-DSIMC_SINGLETHREADED" />
					<Add directory="../../external/irrlicht/include" />
					<Add directory="../../external/irrlicht/source/aesGladman" />
					<Add directory="../../external/irrlicht/source/jpeglib" />
					<Add directory="../../external/irrlicht/source/libpng" />
					<Add directory="../../external/irrlicht/source/bzip2" />
					<Add directory="../../external/irrlicht/source/lzma" />
					<Add directory="../../external/irrlicht/source/zlib" />
				</Compiler>
				<Linker>
					<Add option="-m32" />
					<Add option="-L/usr/lib32" />
					<Add option="-lstdc++" />
					<Add library="m" />
					<Add library="pthread" />
				</Linker>
			</Target>
			<Target title="DebugSingleThreadDynamic|x32">
				<Option output="../../bin/libIrrlicht_std32.a" prefix_auto="0" extension_auto="0" />
				<Option object_output="obj/x32/DebugSingleThreadDynamic/Irrlicht" />
				<Option type="2" />
				<Option compiler="gcc" />
				<Compiler>
					<Add option="-g" />
					<Add option="-m32" />
					<Add option="-D_IRR_STATIC_LIB_" />
					<Add option="-DDEBUG" />
					<Add option="-DEVDS_DYNAMIC" />
					<Add option="-DIVSS_DYNAMIC" />
					<Add option="-DRDRS_DYNAMIC" />
					<Add option="-DSIMC_DYNAMIC" />
					<Add option="-DEVDS_SINGLETHREADED" />
					<Add option="-DIVSS_SINGLETHREADED" />
					<Add option="-DRDRS_SINGLETHREADED" />
					<Add option="-DSIMC_SINGLETHREADED" />
					<Add directory="../../external/irrlicht/include" />
					<Add directory="../../external/irrlicht/source/aesGladman" />
					<Add directory="../../external/irrlicht/source/jpeglib" />
					<Add directory="../../external/irrlicht/source/libpng" />
					<Add directory="../../external/irrlicht/source/bzip2" />
					<Add directory="../../external/irrlicht/source/lzma" />
					<Add directory="../../external/irrlicht/source/zlib" />
				</Compiler>
				<Linker>
					<Add option="-m32" />
					<Add option="-L/usr/lib32" />
					<Add option="-lstdc++" />
					<Add library="m" />
					<Add library="pthread" />
				</Linker>
			</Target>
			<Target title="ReleaseSingleThreadDynamic|x32">
				<Option output="../../bin/libIrrlicht_st32.a" prefix_auto="0" extension_auto="0" />
				<Option object_output="obj/x32/ReleaseSingleThreadDynamic/Irrlicht" />
				<Option type="2" />
				<Option compiler="gcc" />
				<Compiler>
					<Add option="-O2" />
					<Add option="-g" />
					<Add option="-m32" />
					<Add option="-D_IRR_STATIC_LIB_" />
					<Add option="-DEVDS_DYNAMIC" />
					<Add option="-DIVSS_DYNAMIC" />
					<Add option="-DRDRS_DYNAMIC" />
					<Add option="-DSIMC_DYNAMIC" />
					<Add option="-DEVDS_SINGLETHREADED" />
					<Add option="-DIVSS_SINGLETHREADED" />
					<Add option="-DRDRS_SINGLETHREADED" />
					<Add option="-DSIMC_SINGLETHREADED" />
					<Add directory="../../external/irrlicht/include" />
					<Add directory="../../external/irrlicht/source/aesGladman" />
					<Add directory="../../external/irrlicht/source/jpeglib" />
					<Add directory="../../external/irrlicht/source/libpng" />
					<Add directory="../../external/irrlicht/source/bzip2" />
					<Add directory="../../external/irrlicht/source/lzma" />
					<Add directory="../../external/irrlicht/source/zlib" />
				</Compiler>
				<Linker>
					<Add option="-m32" />
					<Add option="-L/usr/lib32" />
					<Add option="-lstdc++" />
					<Add library="m" />
					<Add library="pthread" />
				</Linker>
			</Target>
			<Target title="Debug|x64">
				<Option output="../../bin/libIrrlichtd.a" prefix_auto="0" extension_auto="0" />
				<Option object_output="obj/x64/Debug/Irrlicht" />
				<Option type="2" />
				<Option compiler="gcc" />
				<Compiler>
					<Add option="-g" />
					<Add option="-m64" />
					<Add option="-DDEBUG" />
					<Add option="-D_IRR_STATIC_LIB_" />
					<Add directory="../../external/irrlicht/include" />
					<Add directory="../../external/irrlicht/source/aesGladman" />
					<Add directory="../../external/irrlicht/source/jpeglib" />
					<Add directory="../../external/irrlicht/source/libpng" />
					<Add directory="../../external/irrlicht/source/bzip2" />
					<Add directory="../../external/irrlicht/source/lzma" />
					<Add directory="../../external/irrlicht/source/zlib" />
				</Compiler>
				<Linker>
					<Add option="-m64" />
					<Add option="-L/usr/lib64" />
					<Add option="-lstdc++" />
					<Add library="m" />
					<Add library="pthread" />
				</Linker>
			</Target>
			<Target title="Release|x64">
				<Option output="../../bin/libIrrlicht.a" prefix_auto="0" extension_auto="0" />
				<Option object_output="obj/x64/Release/Irrlicht" />
				<Option type="2" />
				<Option compiler="gcc" />
				<Compiler>
					<Add option="-O2" />
					<Add option="-g" />
					<Add option="-m64" />
					<Add option="-DNDEBUG" />
					<Add option="-D_IRR_STATIC_LIB_" />
					<Add directory="../../external/irrlicht/include" />
					<Add directory="../../external/irrlicht/source/aesGladman" />
					<Add directory="../../external/irrlicht/source/jpeglib" />
					<Add directory="../../external/irrlicht/source/libpng" />
					<Add directory="../../external/irrlicht/source/bzip2" />
					<Add directory="../../external/irrlicht/source/lzma" />
					<Add directory="../../external/irrlicht/source/zlib" />
				</Compiler>
				<Linker>
					<Add option="-m64" />
					<Add option="-L/usr/lib64" />
					<Add option="-lstdc++" />
					<Add library="m" />
					<Add library="pthread" />
				</Linker>
			</Target>
			<Target title="Debug|x64">
				<Option output="../../bin/libIrrlichtd.a" prefix_auto="0" extension_auto="0" />
				<Option object_output="obj/x64/Debug/Irrlicht" />
				<Option type="2" />
				<Option compiler="gcc" />
				<Compiler>
					<Add option="-g" />
					<Add option="-m64" />
					<Add option="-DDEBUG" />
					<Add option="-D_IRR_STATIC_LIB_" />
					<Add directory="../../external/irrlicht/include" />
					<Add directory="../../external/irrlicht/source/aesGladman" />
					<Add directory="../../external/irrlicht/source/jpeglib" />
					<Add directory="../../external/irrlicht/source/libpng" />
					<Add directory="../../external/irrlicht/source/bzip2" />
					<Add directory="../../external/irrlicht/source/lzma" />
					<Add directory="../../external/irrlicht/source/zlib" />
				</Compiler>
				<Linker>
					<Add option="-m64" />
					<Add option="-L/usr/lib64" />
					<Add option="-lstdc++" />
					<Add library="m" />
					<Add library="pthread" />
				</Linker>
			</Target>
			<Target title="Release|x64">
				<Option output="../../bin/libIrrlicht.a" prefix_auto="0" extension_auto="0" />
				<Option object_output="obj/x64/Release/Irrlicht" />
				<Option type="2" />
				<Option compiler="gcc" />
				<Compiler>
					<Add option="-O2" />
					<Add option="-g" />
					<Add option="-m64" />
					<Add option="-DNDEBUG" />
					<Add option="-D_IRR_STATIC_LIB_" />
					<Add directory="../../external/irrlicht/include" />
					<Add directory="../../external/irrlicht/source/aesGladman" />
					<Add directory="../../external/irrlicht/source/jpeglib" />
					<Add directory="../../external/irrlicht/source/libpng" />
					<Add directory="../../external/irrlicht/source/bzip2" />
					<Add directory="../../external/irrlicht/source/lzma" />
					<Add directory="../../external/irrlicht/source/zlib" />
				</Compiler>
				<Linker>
					<Add option="-m64" />
					<Add option="-L/usr/lib64" />
					<Add option="-lstdc++" />
					<Add library="m" />
					<Add library="pthread" />
				</Linker>
			</Target>
			<Target title="DebugDynamic|x64">
				<Option output="../../bin/libIrrlichtd.a" prefix_auto="0" extension_auto="0" />
				<Option object_output="obj/x64/DebugDynamic/Irrlicht" />
				<Option type="2" />
				<Option compiler="gcc" />
				<Compiler>
					<Add option="-g" />
					<Add option="-m64" />
					<Add option="-D_IRR_STATIC_LIB_" />
					<Add option="-DDEBUG" />
					<Add option="-DEVDS_DYNAMIC" />
					<Add option="-DIVSS_DYNAMIC" />
					<Add option="-DRDRS_DYNAMIC" />
					<Add option="-DSIMC_DYNAMIC" />
					<Add directory="../../external/irrlicht/include" />
					<Add directory="../../external/irrlicht/source/aesGladman" />
					<Add directory="../../external/irrlicht/source/jpeglib" />
					<Add directory="../../external/irrlicht/source/libpng" />
					<Add directory="../../external/irrlicht/source/bzip2" />
					<Add directory="../../external/irrlicht/source/lzma" />
					<Add directory="../../external/irrlicht/source/zlib" />
				</Compiler>
				<Linker>
					<Add option="-m64" />
					<Add option="-L/usr/lib64" />
					<Add option="-lstdc++" />
					<Add library="m" />
					<Add library="pthread" />
				</Linker>
			</Target>
			<Target title="ReleaseDynamic|x64">
				<Option output="../../bin/libIrrlicht.a" prefix_auto="0" extension_auto="0" />
				<Option object_output="obj/x64/ReleaseDynamic/Irrlicht" />
				<Option type="2" />
				<Option compiler="gcc" />
				<Compiler>
					<Add option="-O2" />
					<Add option="-g" />
					<Add option="-m64" />
					<Add option="-D_IRR_STATIC_LIB_" />
					<Add option="-DEVDS_DYNAMIC" />
					<Add option="-DIVSS_DYNAMIC" />
					<Add option="-DRDRS_DYNAMIC" />
					<Add option="-DSIMC_DYNAMIC" />
					<Add directory="../../external/irrlicht/include" />
					<Add directory="../../external/irrlicht/source/aesGladman" />
					<Add directory="../../external/irrlicht/source/jpeglib" />
					<Add directory="../../external/irrlicht/source/libpng" />
					<Add directory="../../external/irrlicht/source/bzip2" />
					<Add directory="../../external/irrlicht/source/lzma" />
					<Add directory="../../external/irrlicht/source/zlib" />
				</Compiler>
				<Linker>
					<Add option="-m64" />
					<Add option="-L/usr/lib64" />
					<Add option="-lstdc++" />
					<Add library="m" />
					<Add library="pthread" />
				</Linker>
			</Target>
			<Target title="DebugSingleThread|x64">
				<Option output="../../bin/libIrrlicht_std.a" prefix_auto="0" extension_auto="0" />
				<Option object_output="obj/x64/DebugSingleThread/Irrlicht" />
				<Option type="2" />
				<Option compiler="gcc" />
				<Compiler>
					<Add option="-g" />
					<Add option="-m64" />
					<Add option="-D_IRR_STATIC_LIB_" />
					<Add option="-DDEBUG" />
					<Add option="-DEVDS_SINGLETHREADED" />
					<Add option="-DIVSS_SINGLETHREADED" />
					<Add option="-DRDRS_SINGLETHREADED" />
					<Add option="-DSIMC_SINGLETHREADED" />
					<Add directory="../../external/irrlicht/include" />
					<Add directory="../../external/irrlicht/source/aesGladman" />
					<Add directory="../../external/irrlicht/source/jpeglib" />
					<Add directory="../../external/irrlicht/source/libpng" />
					<Add directory="../../external/irrlicht/source/bzip2" />
					<Add directory="../../external/irrlicht/source/lzma" />
					<Add directory="../../external/irrlicht/source/zlib" />
				</Compiler>
				<Linker>
					<Add option="-m64" />
					<Add option="-L/usr/lib64" />
					<Add option="-lstdc++" />
					<Add library="m" />
					<Add library="pthread" />
				</Linker>
			</Target>
			<Target title="ReleaseSingleThread|x64">
				<Option output="../../bin/libIrrlicht_st.a" prefix_auto="0" extension_auto="0" />
				<Option object_output="obj/x64/ReleaseSingleThread/Irrlicht" />
				<Option type="2" />
				<Option compiler="gcc" />
				<Compiler>
					<Add option="-O2" />
					<Add option="-g" />
					<Add option="-m64" />
					<Add option="-D_IRR_STATIC_LIB_" />
					<Add option="-DEVDS_SINGLETHREADED" />
					<Add option="-DIVSS_SINGLETHREADED" />
					<Add option="-DRDRS_SINGLETHREADED" />
					<Add option="-DSIMC_SINGLETHREADED" />
					<Add directory="../../external/irrlicht/include" />
					<Add directory="../../external/irrlicht/source/aesGladman" />
					<Add directory="../../external/irrlicht/source/jpeglib" />
					<Add directory="../../external/irrlicht/source/libpng" />
					<Add directory="../../external/irrlicht/source/bzip2" />
					<Add directory="../../external/irrlicht/source/lzma" />
					<Add directory="../../external/irrlicht/source/zlib" />
				</Compiler>
				<Linker>
					<Add option="-m64" />
					<Add option="-L/usr/lib64" />
					<Add option="-lstdc++" />
					<Add library="m" />
					<Add library="pthread" />
				</Linker>
			</Target>
			<Target title="DebugSingleThreadDynamic|x64">
				<Option output="../../bin/libIrrlicht_std.a" prefix_auto="0" extension_auto="0" />
				<Option object_output="obj/x64/DebugSingleThreadDynamic/Irrlicht" />
				<Option type="2" />
				<Option compiler="gcc" />
				<Compiler>
					<Add option="-g" />
					<Add option="-m64" />
					<Add option="-D_IRR_STATIC_LIB_" />
					<Add option="-DDEBUG" />
					<Add option="-DEVDS_DYNAMIC" />
					<Add option="-DIVSS_DYNAMIC" />
					<Add option="-DRDRS_DYNAMIC" />
					<Add option="-DSIMC_DYNAMIC" />
					<Add option="-DEVDS_SINGLETHREADED" />
					<Add option="-DIVSS_SINGLETHREADED" />
					<Add option="-DRDRS_SINGLETHREADED" />
					<Add option="-DSIMC_SINGLETHREADED" />
					<Add directory="../../external/irrlicht/include" />
					<Add directory="../../external/irrlicht/source/aesGladman" />
					<Add directory="../../external/irrlicht/source/jpeglib" />
					<Add directory="../../external/irrlicht/source/libpng" />
					<Add directory="../../external/irrlicht/source/bzip2" />
					<Add directory="../../external/irrlicht/source/lzma" />
					<Add directory="../../external/irrlicht/source/zlib" />
				</Compiler>
				<Linker>
					<Add option="-m64" />
					<Add option="-L/usr/lib64" />
					<Add option="-lstdc++" />
					<Add library="m" />
					<Add library="pthread" />
				</Linker>
			</Target>
			<Target title="ReleaseSingleThreadDynamic|x64">
				<Option output="../../bin/libIrrlicht_st.a" prefix_auto="0" extension_auto="0" />
				<Option object_output="obj/x64/ReleaseSingleThreadDynamic/Irrlicht" />
				<Option type="2" />
				<Option compiler="gcc" />
				<Compiler>
					<Add option="-O2" />
					<Add option="-g" />
					<Add option="-m64" />
					<Add option="-D_IRR_STATIC_LIB_" />
					<Add option="-DEVDS_DYNAMIC" />
					<Add option="-DIVSS_DYNAMIC" />
					<Add option="-DRDRS_DYNAMIC" />
					<Add option="-DSIMC_DYNAMIC" />
					<Add option="-DEVDS_SINGLETHREADED" />
					<Add option="-DIVSS_SINGLETHREADED" />
					<Add option="-DRDRS_SINGLETHREADED" />
					<Add option="-DSIMC_SINGLETHREADED" />
					<Add directory="../../external/irrlicht/include" />
					<Add directory="../../external/irrlicht/source/aesGladman" />
					<Add directory="../../external/irrlicht/source/jpeglib" />
					<Add directory="../../external/irrlicht/source/libpng" />
					<Add directory="../../external/irrlicht/source/bzip2" />
					<Add directory="../../external/irrlicht/source/lzma" />
					<Add directory="../../external/irrlicht/source/zlib" />
				</Compiler>
				<Linker>
					<Add option="-m64" />
					<Add option="-L/usr/lib64" />
					<Add option="-lstdc++" />
					<Add library="m" />
					<Add library="pthread" />
				</Linker>
			</Target>
		</Build>
		<Unit filename="../../external/irrlicht/source/Irrlicht/CSoftwareTexture2.cpp">
			<Option virtualFolder="irrlicht/source/Irrlicht" />
		</Unit>
		<Unit filename="../../external/irrlicht/source/Irrlicht/CColorConverter.cpp">
			<Option virtualFolder="irrlicht/source/Irrlicht" />
		</Unit>
		<Unit filename="../../external/irrlicht/source/Irrlicht/CIrrDeviceStub.cpp">
			<Option virtualFolder="irrlicht/source/Irrlicht" />
		</Unit>
		<Unit filename="../../external/irrlicht/source/Irrlicht/CD3D9ParallaxMapRenderer.cpp">
			<Option virtualFolder="irrlicht/source/Irrlicht" />
		</Unit>
		<Unit filename="../../external/irrlicht/source/Irrlicht/CIrrDeviceFB.cpp">
			<Option virtualFolder="irrlicht/source/Irrlicht" />
		</Unit>
		<Unit filename="../../external/irrlicht/source/Irrlicht/CParticleAttractionAffector.cpp">
			<Option virtualFolder="irrlicht/source/Irrlicht" />
		</Unit>
		<Unit filename="../../external/irrlicht/source/Irrlicht/CParticleRingEmitter.cpp">
			<Option virtualFolder="irrlicht/source/Irrlicht" />
		</Unit>
		<Unit filename="../../external/irrlicht/source/Irrlicht/CImageWriterJPG.cpp">
			<Option virtualFolder="irrlicht/source/Irrlicht" />
		</Unit>
		<Unit filename="../../external/irrlicht/source/Irrlicht/CAnimatedMeshMD3.cpp">
			<Option virtualFolder="irrlicht/source/Irrlicht" />
		</Unit>
		<Unit filename="../../external/irrlicht/source/Irrlicht/CImageLoaderWAL.cpp">
			<Option virtualFolder="irrlicht/source/Irrlicht" />
		</Unit>
		<Unit filename="../../external/irrlicht/source/Irrlicht/CTextSceneNode.cpp">
			<Option virtualFolder="irrlicht/source/Irrlicht" />
		</Unit>
		<Unit filename="../../external/irrlicht/source/Irrlicht/CParticlePointEmitter.cpp">
			<Option virtualFolder="irrlicht/source/Irrlicht" />
		</Unit>
		<Unit filename="../../external/irrlicht/source/Irrlicht/CIrrDeviceWinCE.cpp">
			<Option virtualFolder="irrlicht/source/Irrlicht" />
		</Unit>
		<Unit filename="../../external/irrlicht/source/Irrlicht/COpenGLParallaxMapRenderer.cpp">
			<Option virtualFolder="irrlicht/source/Irrlicht" />
		</Unit>
		<Unit filename="../../external/irrlicht/source/Irrlicht/CGUIColorSelectDialog.cpp">
			<Option virtualFolder="irrlicht/source/Irrlicht" />
		</Unit>
		<Unit filename="../../external/irrlicht/source/Irrlicht/CPakReader.cpp">
			<Option virtualFolder="irrlicht/source/Irrlicht" />
		</Unit>
		<Unit filename="../../external/irrlicht/source/Irrlicht/CParticleMeshEmitter.cpp">
			<Option virtualFolder="irrlicht/source/Irrlicht" />
		</Unit>
		<Unit filename="../../external/irrlicht/source/Irrlicht/CZipReader.cpp">
			<Option virtualFolder="irrlicht/source/Irrlicht" />
		</Unit>
		<Unit filename="../../external/irrlicht/source/Irrlicht/CAnimatedMeshHalfLife.cpp">
			<Option virtualFolder="irrlicht/source/Irrlicht" />
		</Unit>
		<Unit filename="../../external/irrlicht/source/Irrlicht/CImageLoaderPNG.cpp">
			<Option virtualFolder="irrlicht/source/Irrlicht" />
		</Unit>
		<Unit filename="../../external/irrlicht/source/Irrlicht/CGUIEditBox.cpp">
			<Option virtualFolder="irrlicht/source/Irrlicht" />
		</Unit>
		<Unit filename="../../external/irrlicht/source/Irrlicht/CParticleRotationAffector.cpp">
			<Option virtualFolder="irrlicht/source/Irrlicht" />
		</Unit>
		<Unit filename="../../external/irrlicht/source/Irrlicht/CReadFile.cpp">
			<Option virtualFolder="irrlicht/source/Irrlicht" />
		</Unit>
		<Unit filename="../../external/irrlicht/source/Irrlicht/CGUIButton.cpp">
			<Option virtualFolder="irrlicht/source/Irrlicht" />
		</Unit>
		<Unit filename="../../external/irrlicht/source/Irrlicht/CParticleCylinderEmitter.cpp">
			<Option virtualFolder="irrlicht/source/Irrlicht" />
		</Unit>
		<Unit filename="../../external/irrlicht/source/Irrlicht/CBillboardSceneNode.cpp">
			<Option virtualFolder="irrlicht/source/Irrlicht" />
		</Unit>
		<Unit filename="../../external/irrlicht/source/Irrlicht/CD3D8ShaderMaterialRenderer.cpp">
			<Option virtualFolder="irrlicht/source/Irrlicht" />
		</Unit>
		<Unit filename="../../external/irrlicht/source/Irrlicht/CXMeshFileLoader.cpp">
			<Option virtualFolder="irrlicht/source/Irrlicht" />
		</Unit>
		<Unit filename="../../external/irrlicht/source/Irrlicht/CMeshManipulator.cpp">
			<Option virtualFolder="irrlicht/source/Irrlicht" />
		</Unit>
		<Unit filename="../../external/irrlicht/source/Irrlicht/CAnimatedMeshMD2.cpp">
			<Option virtualFolder="irrlicht/source/Irrlicht" />
		</Unit>
		<Unit filename="../../external/irrlicht/source/Irrlicht/CTRGouraudAlphaNoZ2.cpp">
			<Option virtualFolder="irrlicht/source/Irrlicht" />
		</Unit>
		<Unit filename="../../external/irrlicht/source/Irrlicht/CTRTextureLightMap2_M2.cpp">
			<Option virtualFolder="irrlicht/source/Irrlicht" />
		</Unit>
		<Unit filename="../../external/irrlicht/source/Irrlicht/CD3D9CgMaterialRenderer.cpp">
			<Option virtualFolder="irrlicht/source/Irrlicht" />
		</Unit>
		<Unit filename="../../external/irrlicht/source/Irrlicht/COpenGLNormalMapRenderer.cpp">
			<Option virtualFolder="irrlicht/source/Irrlicht" />
		</Unit>
		<Unit filename="../../external/irrlicht/source/Irrlicht/CTRTextureFlat.cpp">
			<Option virtualFolder="irrlicht/source/Irrlicht" />
		</Unit>
		<Unit filename="../../external/irrlicht/source/Irrlicht/CImageLoaderRGB.cpp">
			<Option virtualFolder="irrlicht/source/Irrlicht" />
		</Unit>
		<Unit filename="../../external/irrlicht/source/Irrlicht/CTRGouraudWire.cpp">
			<Option virtualFolder="irrlicht/source/Irrlicht" />
		</Unit>
		<Unit filename="../../external/irrlicht/source/Irrlicht/CTriangleSelector.cpp">
			<Option virtualFolder="irrlicht/source/Irrlicht" />
		</Unit>
		<Unit filename="../../external/irrlicht/source/Irrlicht/CLMTSMeshFileLoader.cpp">
			<Option virtualFolder="irrlicht/source/Irrlicht" />
		</Unit>
		<Unit filename="../../external/irrlicht/source/Irrlicht/CTRTextureLightMap2_M1.cpp">
			<Option virtualFolder="irrlicht/source/Irrlicht" />
		</Unit>
		<Unit filename="../../external/irrlicht/source/Irrlicht/CParticleScaleAffector.cpp">
			<Option virtualFolder="irrlicht/source/Irrlicht" />
		</Unit>
		<Unit filename="../../external/irrlicht/source/Irrlicht/CTriangleBBSelector.cpp">
			<Option virtualFolder="irrlicht/source/Irrlicht" />
		</Unit>
		<Unit filename="../../external/irrlicht/source/Irrlicht/CTRTextureGouraudAdd.cpp">
			<Option virtualFolder="irrlicht/source/Irrlicht" />
		</Unit>
		<Unit filename="../../external/irrlicht/source/Irrlicht/CPLYMeshFileLoader.cpp">
			<Option virtualFolder="irrlicht/source/Irrlicht" />
		</Unit>
		<Unit filename="../../external/irrlicht/source/Irrlicht/COpenGLDriver.cpp">
			<Option virtualFolder="irrlicht/source/Irrlicht" />
		</Unit>
		<Unit filename="../../external/irrlicht/source/Irrlicht/CGUIInOutFader.cpp">
			<Option virtualFolder="irrlicht/source/Irrlicht" />
		</Unit>
		<Unit filename="../../external/irrlicht/source/Irrlicht/CWaterSurfaceSceneNode.cpp">
			<Option virtualFolder="irrlicht/source/Irrlicht" />
		</Unit>
		<Unit filename="../../external/irrlicht/source/Irrlicht/CTRTextureGouraudNoZ2.cpp">
			<Option virtualFolder="irrlicht/source/Irrlicht" />
		</Unit>
		<Unit filename="../../external/irrlicht/source/Irrlicht/CD3D9HLSLMaterialRenderer.cpp">
			<Option virtualFolder="irrlicht/source/Irrlicht" />
		</Unit>
		<Unit filename="../../external/irrlicht/source/Irrlicht/CMetaTriangleSelector.cpp">
			<Option virtualFolder="irrlicht/source/Irrlicht" />
		</Unit>
		<Unit filename="../../external/irrlicht/source/Irrlicht/CGUIEnvironment.cpp">
			<Option virtualFolder="irrlicht/source/Irrlicht" />
		</Unit>
		<Unit filename="../../external/irrlicht/source/Irrlicht/CTRTextureGouraud2.cpp">
			<Option virtualFolder="irrlicht/source/Irrlicht" />
		</Unit>
		<Unit filename="../../external/irrlicht/source/Irrlicht/CTerrainSceneNode.cpp">
			<Option virtualFolder="irrlicht/source/Irrlicht" />
		</Unit>
		<Unit filename="../../external/irrlicht/source/Irrlicht/CGUIComboBox.cpp">
			<Option virtualFolder="irrlicht/source/Irrlicht" />
		</Unit>
		<Unit filename="../../external/irrlicht/source/Irrlicht/CParticleGravityAffector.cpp">
			<Option virtualFolder="irrlicht/source/Irrlicht" />
		</Unit>
		<Unit filename="../../external/irrlicht/source/Irrlicht/COBJMeshWriter.cpp">
			<Option virtualFolder="irrlicht/source/Irrlicht" />
		</Unit>
		<Unit filename="../../external/irrlicht/source/Irrlicht/CDefaultSceneNodeAnimatorFactory.cpp">
			<Option virtualFolder="irrlicht/source/Irrlicht" />
		</Unit>
		<Unit filename="../../external/irrlicht/source/Irrlicht/CD3D8Texture.cpp">
			<Option virtualFolder="irrlicht/source/Irrlicht" />
		</Unit>
		<Unit filename="../../external/irrlicht/source/Irrlicht/CCameraSceneNode.cpp">
			<Option virtualFolder="irrlicht/source/Irrlicht" />
		</Unit>
		<Unit filename="../../external/irrlicht/source/Irrlicht/CTRFlatWire.cpp">
			<Option virtualFolder="irrlicht/source/Irrlicht" />
		</Unit>
		<Unit filename="../../external/irrlicht/source/Irrlicht/CGUISkin.cpp">
			<Option virtualFolder="irrlicht/source/Irrlicht" />
		</Unit>
		<Unit filename="../../external/irrlicht/source/Irrlicht/CSphereSceneNode.cpp">
			<Option virtualFolder="irrlicht/source/Irrlicht" />
		</Unit>
		<Unit filename="../../external/irrlicht/source/Irrlicht/CGUIMessageBox.cpp">
			<Option virtualFolder="irrlicht/source/Irrlicht" />
		</Unit>
		<Unit filename="../../external/irrlicht/source/Irrlicht/CTRFlat.cpp">
			<Option virtualFolder="irrlicht/source/Irrlicht" />
		</Unit>
		<Unit filename="../../external/irrlicht/source/Irrlicht/CNPKReader.cpp">
			<Option virtualFolder="irrlicht/source/Irrlicht" />
		</Unit>
		<Unit filename="../../external/irrlicht/source/Irrlicht/CSceneNodeAnimatorDelete.cpp">
			<Option virtualFolder="irrlicht/source/Irrlicht" />
		</Unit>
		<Unit filename="../../external/irrlicht/source/Irrlicht/CTarReader.cpp">
			<Option virtualFolder="irrlicht/source/Irrlicht" />
		</Unit>
		<Unit filename="../../external/irrlicht/source/Irrlicht/CSkyDomeSceneNode.cpp">
			<Option virtualFolder="irrlicht/source/Irrlicht" />
		</Unit>
		<Unit filename="../../external/irrlicht/source/Irrlicht/CLimitReadFile.cpp">
			<Option virtualFolder="irrlicht/source/Irrlicht" />
		</Unit>
		<Unit filename="../../external/irrlicht/source/Irrlicht/CImageLoaderPPM.cpp">
			<Option virtualFolder="irrlicht/source/Irrlicht" />
		</Unit>
		<Unit filename="../../external/irrlicht/source/Irrlicht/CSceneNodeAnimatorRotation.cpp">
			<Option virtualFolder="irrlicht/source/Irrlicht" />
		</Unit>
		<Unit filename="../../external/irrlicht/source/Irrlicht/CImageWriterPPM.cpp">
			<Option virtualFolder="irrlicht/source/Irrlicht" />
		</Unit>
		<Unit filename="../../external/irrlicht/source/Irrlicht/CNullDriver.cpp">
			<Option virtualFolder="irrlicht/source/Irrlicht" />
		</Unit>
		<Unit filename="../../external/irrlicht/source/Irrlicht/CGUISpriteBank.cpp">
			<Option virtualFolder="irrlicht/source/Irrlicht" />
		</Unit>
		<Unit filename="../../external/irrlicht/source/Irrlicht/CDummyTransformationSceneNode.cpp">
			<Option virtualFolder="irrlicht/source/Irrlicht" />
		</Unit>
		<Unit filename="../../external/irrlicht/source/Irrlicht/CGUIMeshViewer.cpp">
			<Option virtualFolder="irrlicht/source/Irrlicht" />
		</Unit>
		<Unit filename="../../external/irrlicht/source/Irrlicht/CSoftwareTexture.cpp">
			<Option virtualFolder="irrlicht/source/Irrlicht" />
		</Unit>
		<Unit filename="../../external/irrlicht/source/Irrlicht/Irrlicht.cpp">
			<Option virtualFolder="irrlicht/source/Irrlicht" />
		</Unit>
		<Unit filename="../../external/irrlicht/source/Irrlicht/CGUISpinBox.cpp">
			<Option virtualFolder="irrlicht/source/Irrlicht" />
		</Unit>
		<Unit filename="../../external/irrlicht/source/Irrlicht/CDepthBuffer.cpp">
			<Option virtualFolder="irrlicht/source/Irrlicht" />
		</Unit>
		<Unit filename="../../external/irrlicht/source/Irrlicht/CIrrMeshWriter.cpp">
			<Option virtualFolder="irrlicht/source/Irrlicht" />
		</Unit>
		<Unit filename="../../external/irrlicht/source/Irrlicht/CImageWriterPNG.cpp">
			<Option virtualFolder="irrlicht/source/Irrlicht" />
		</Unit>
		<Unit filename="../../external/irrlicht/source/Irrlicht/CSTLMeshFileLoader.cpp">
			<Option virtualFolder="irrlicht/source/Irrlicht" />
		</Unit>
		<Unit filename="../../external/irrlicht/source/Irrlicht/CGUIWindow.cpp">
			<Option virtualFolder="irrlicht/source/Irrlicht" />
		</Unit>
		<Unit filename="../../external/irrlicht/source/Irrlicht/CTRTextureBlend.cpp">
			<Option virtualFolder="irrlicht/source/Irrlicht" />
		</Unit>
		<Unit filename="../../external/irrlicht/source/Irrlicht/CTRStencilShadow.cpp">
			<Option virtualFolder="irrlicht/source/Irrlicht" />
		</Unit>
		<Unit filename="../../external/irrlicht/source/Irrlicht/CIrrDeviceWin32.cpp">
			<Option virtualFolder="irrlicht/source/Irrlicht" />
		</Unit>
		<Unit filename="../../external/irrlicht/source/Irrlicht/CCSMLoader.cpp">
			<Option virtualFolder="irrlicht/source/Irrlicht" />
		</Unit>
		<Unit filename="../../external/irrlicht/source/Irrlicht/CGUIListBox.cpp">
			<Option virtualFolder="irrlicht/source/Irrlicht" />
		</Unit>
		<Unit filename="../../external/irrlicht/source/Irrlicht/CWriteFile.cpp">
			<Option virtualFolder="irrlicht/source/Irrlicht" />
		</Unit>
		<Unit filename="../../external/irrlicht/source/Irrlicht/CImageWriterTGA.cpp">
			<Option virtualFolder="irrlicht/source/Irrlicht" />
		</Unit>
		<Unit filename="../../external/irrlicht/source/Irrlicht/CShadowVolumeSceneNode.cpp">
			<Option virtualFolder="irrlicht/source/Irrlicht" />
		</Unit>
		<Unit filename="../../external/irrlicht/source/Irrlicht/COgreMeshFileLoader.cpp">
			<Option virtualFolder="irrlicht/source/Irrlicht" />
		</Unit>
		<Unit filename="../../external/irrlicht/source/Irrlicht/CCubeSceneNode.cpp">
			<Option virtualFolder="irrlicht/source/Irrlicht" />
		</Unit>
		<Unit filename="../../external/irrlicht/source/Irrlicht/CImageLoaderBMP.cpp">
			<Option virtualFolder="irrlicht/source/Irrlicht" />
		</Unit>
		<Unit filename="../../external/irrlicht/source/Irrlicht/CParticleSphereEmitter.cpp">
			<Option virtualFolder="irrlicht/source/Irrlicht" />
		</Unit>
		<Unit filename="../../external/irrlicht/source/Irrlicht/CImageLoaderPCX.cpp">
			<Option virtualFolder="irrlicht/source/Irrlicht" />
		</Unit>
		<Unit filename="../../external/irrlicht/source/Irrlicht/CImageLoaderJPG.cpp">
			<Option virtualFolder="irrlicht/source/Irrlicht" />
		</Unit>
		<Unit filename="../../external/irrlicht/source/Irrlicht/CLightSceneNode.cpp">
			<Option virtualFolder="irrlicht/source/Irrlicht" />
		</Unit>
		<Unit filename="../../external/irrlicht/source/Irrlicht/CIrrMeshFileLoader.cpp">
			<Option virtualFolder="irrlicht/source/Irrlicht" />
		</Unit>
		<Unit filename="../../external/irrlicht/source/Irrlicht/irrXML.cpp">
			<Option virtualFolder="irrlicht/source/Irrlicht" />
		</Unit>
		<Unit filename="../../external/irrlicht/source/Irrlicht/CTRTextureLightMap2_Add.cpp">
			<Option virtualFolder="irrlicht/source/Irrlicht" />
		</Unit>
		<Unit filename="../../external/irrlicht/source/Irrlicht/CTRTextureGouraud.cpp">
			<Option virtualFolder="irrlicht/source/Irrlicht" />
		</Unit>
		<Unit filename="../../external/irrlicht/source/Irrlicht/CParticleSystemSceneNode.cpp">
			<Option virtualFolder="irrlicht/source/Irrlicht" />
		</Unit>
		<Unit filename="../../external/irrlicht/source/Irrlicht/CParticleBoxEmitter.cpp">
			<Option virtualFolder="irrlicht/source/Irrlicht" />
		</Unit>
		<Unit filename="../../external/irrlicht/source/Irrlicht/CMS3DMeshFileLoader.cpp">
			<Option virtualFolder="irrlicht/source/Irrlicht" />
		</Unit>
		<Unit filename="../../external/irrlicht/source/Irrlicht/CB3DMeshFileLoader.cpp">
			<Option virtualFolder="irrlicht/source/Irrlicht" />
		</Unit>
		<Unit filename="../../external/irrlicht/source/Irrlicht/CSceneNodeAnimatorFlyCircle.cpp">
			<Option virtualFolder="irrlicht/source/Irrlicht" />
		</Unit>
		<Unit filename="../../external/irrlicht/source/Irrlicht/CIrrDeviceConsole.cpp">
			<Option virtualFolder="irrlicht/source/Irrlicht" />
		</Unit>
		<Unit filename="../../external/irrlicht/source/Irrlicht/CBSPMeshFileLoader.cpp">
			<Option virtualFolder="irrlicht/source/Irrlicht" />
		</Unit>
		<Unit filename="../../external/irrlicht/source/Irrlicht/CTRGouraudAlpha2.cpp">
			<Option virtualFolder="irrlicht/source/Irrlicht" />
		</Unit>
		<Unit filename="../../external/irrlicht/source/Irrlicht/CVideoModeList.cpp">
			<Option virtualFolder="irrlicht/source/Irrlicht" />
		</Unit>
		<Unit filename="../../external/irrlicht/source/Irrlicht/CWADReader.cpp">
			<Option virtualFolder="irrlicht/source/Irrlicht" />
		</Unit>
		<Unit filename="../../external/irrlicht/source/Irrlicht/COpenGLCgMaterialRenderer.cpp">
			<Option virtualFolder="irrlicht/source/Irrlicht" />
		</Unit>
		<Unit filename="../../external/irrlicht/source/Irrlicht/CMD3MeshFileLoader.cpp">
			<Option virtualFolder="irrlicht/source/Irrlicht" />
		</Unit>
		<Unit filename="../../external/irrlicht/source/Irrlicht/CImageWriterPCX.cpp">
			<Option virtualFolder="irrlicht/source/Irrlicht" />
		</Unit>
		<Unit filename="../../external/irrlicht/source/Irrlicht/CDMFLoader.cpp">
			<Option virtualFolder="irrlicht/source/Irrlicht" />
		</Unit>
		<Unit filename="../../external/irrlicht/source/Irrlicht/COBJMeshFileLoader.cpp">
			<Option virtualFolder="irrlicht/source/Irrlicht" />
		</Unit>
		<Unit filename="../../external/irrlicht/source/Irrlicht/CTRGouraud.cpp">
			<Option virtualFolder="irrlicht/source/Irrlicht" />
		</Unit>
		<Unit filename="../../external/irrlicht/source/Irrlicht/CGUIImage.cpp">
			<Option virtualFolder="irrlicht/source/Irrlicht" />
		</Unit>
		<Unit filename="../../external/irrlicht/source/Irrlicht/CSTLMeshWriter.cpp">
			<Option virtualFolder="irrlicht/source/Irrlicht" />
		</Unit>
		<Unit filename="../../external/irrlicht/source/Irrlicht/CParticleFadeOutAffector.cpp">
			<Option virtualFolder="irrlicht/source/Irrlicht" />
		</Unit>
		<Unit filename="../../external/irrlicht/source/Irrlicht/CGUIImageList.cpp">
			<Option virtualFolder="irrlicht/source/Irrlicht" />
		</Unit>
		<Unit filename="../../external/irrlicht/source/Irrlicht/CAnimatedMeshSceneNode.cpp">
			<Option virtualFolder="irrlicht/source/Irrlicht" />
		</Unit>
		<Unit filename="../../external/irrlicht/source/Irrlicht/CD3D8NormalMapRenderer.cpp">
			<Option virtualFolder="irrlicht/source/Irrlicht" />
		</Unit>
		<Unit filename="../../external/irrlicht/source/Irrlicht/CTRTextureLightMapGouraud2_M4.cpp">
			<Option virtualFolder="irrlicht/source/Irrlicht" />
		</Unit>
		<Unit filename="../../external/irrlicht/source/Irrlicht/CCgMaterialRenderer.cpp">
			<Option virtualFolder="irrlicht/source/Irrlicht" />
		</Unit>
		<Unit filename="../../external/irrlicht/source/Irrlicht/os.cpp">
			<Option virtualFolder="irrlicht/source/Irrlicht" />
		</Unit>
		<Unit filename="../../external/irrlicht/source/Irrlicht/CPLYMeshWriter.cpp">
			<Option virtualFolder="irrlicht/source/Irrlicht" />
		</Unit>
		<Unit filename="../../external/irrlicht/source/Irrlicht/CD3D9Texture.cpp">
			<Option virtualFolder="irrlicht/source/Irrlicht" />
		</Unit>
		<Unit filename="../../external/irrlicht/source/Irrlicht/CSceneNodeAnimatorFollowSpline.cpp">
			<Option virtualFolder="irrlicht/source/Irrlicht" />
		</Unit>
		<Unit filename="../../external/irrlicht/source/Irrlicht/CTRTextureGouraudAlphaNoZ.cpp">
			<Option virtualFolder="irrlicht/source/Irrlicht" />
		</Unit>
		<Unit filename="../../external/irrlicht/source/Irrlicht/CD3D8Driver.cpp">
			<Option virtualFolder="irrlicht/source/Irrlicht" />
		</Unit>
		<Unit filename="../../external/irrlicht/source/Irrlicht/CGUITable.cpp">
			<Option virtualFolder="irrlicht/source/Irrlicht" />
		</Unit>
		<Unit filename="../../external/irrlicht/source/Irrlicht/CXMLReader.cpp">
			<Option virtualFolder="irrlicht/source/Irrlicht" />
		</Unit>
		<Unit filename="../../external/irrlicht/source/Irrlicht/CIrrDeviceSDL.cpp">
			<Option virtualFolder="irrlicht/source/Irrlicht" />
		</Unit>
		<Unit filename="../../external/irrlicht/source/Irrlicht/CGeometryCreator.cpp">
			<Option virtualFolder="irrlicht/source/Irrlicht" />
		</Unit>
		<Unit filename="../../external/irrlicht/source/Irrlicht/CD3D9ShaderMaterialRenderer.cpp">
			<Option virtualFolder="irrlicht/source/Irrlicht" />
		</Unit>
		<Unit filename="../../external/irrlicht/source/Irrlicht/CFPSCounter.cpp">
			<Option virtualFolder="irrlicht/source/Irrlicht" />
		</Unit>
		<Unit filename="../../external/irrlicht/source/Irrlicht/CColladaMeshWriter.cpp">
			<Option virtualFolder="irrlicht/source/Irrlicht" />
		</Unit>
		<Unit filename="../../external/irrlicht/source/Irrlicht/CBurningShader_Raster_Reference.cpp">
			<Option virtualFolder="irrlicht/source/Irrlicht" />
		</Unit>
		<Unit filename="../../external/irrlicht/source/Irrlicht/CSkyBoxSceneNode.cpp">
			<Option virtualFolder="irrlicht/source/Irrlicht" />
		</Unit>
		<Unit filename="../../external/irrlicht/source/Irrlicht/CTRTextureFlatWire.cpp">
			<Option virtualFolder="irrlicht/source/Irrlicht" />
		</Unit>
		<Unit filename="../../external/irrlicht/source/Irrlicht/CMD2MeshFileLoader.cpp">
			<Option virtualFolder="irrlicht/source/Irrlicht" />
		</Unit>
		<Unit filename="../../external/irrlicht/source/Irrlicht/CGUIFileOpenDialog.cpp">
			<Option virtualFolder="irrlicht/source/Irrlicht" />
		</Unit>
		<Unit filename="../../external/irrlicht/source/Irrlicht/CSceneManager.cpp">
			<Option virtualFolder="irrlicht/source/Irrlicht" />
		</Unit>
		<Unit filename="../../external/irrlicht/source/Irrlicht/CLogger.cpp">
			<Option virtualFolder="irrlicht/source/Irrlicht" />
		</Unit>
		<Unit filename="../../external/irrlicht/source/Irrlicht/CMeshSceneNode.cpp">
			<Option virtualFolder="irrlicht/source/Irrlicht" />
		</Unit>
		<Unit filename="../../external/irrlicht/source/Irrlicht/CImageWriterBMP.cpp">
			<Option virtualFolder="irrlicht/source/Irrlicht" />
		</Unit>
		<Unit filename="../../external/irrlicht/source/Irrlicht/COpenGLShaderMaterialRenderer.cpp">
			<Option virtualFolder="irrlicht/source/Irrlicht" />
		</Unit>
		<Unit filename="../../external/irrlicht/source/Irrlicht/CSkinnedMesh.cpp">
			<Option virtualFolder="irrlicht/source/Irrlicht" />
		</Unit>
		<Unit filename="../../external/irrlicht/source/Irrlicht/CTRTextureGouraudAddNoZ2.cpp">
			<Option virtualFolder="irrlicht/source/Irrlicht" />
		</Unit>
		<Unit filename="../../external/irrlicht/source/Irrlicht/CSceneNodeAnimatorCameraFPS.cpp">
			<Option virtualFolder="irrlicht/source/Irrlicht" />
		</Unit>
		<Unit filename="../../external/irrlicht/source/Irrlicht/CQuake3ShaderSceneNode.cpp">
			<Option virtualFolder="irrlicht/source/Irrlicht" />
		</Unit>
		<Unit filename="../../external/irrlicht/source/Irrlicht/CTRTextureWire2.cpp">
			<Option virtualFolder="irrlicht/source/Irrlicht" />
		</Unit>
		<Unit filename="../../external/irrlicht/source/Irrlicht/CTerrainTriangleSelector.cpp">
			<Option virtualFolder="irrlicht/source/Irrlicht" />
		</Unit>
		<Unit filename="../../external/irrlicht/source/Irrlicht/CMeshCache.cpp">
			<Option virtualFolder="irrlicht/source/Irrlicht" />
		</Unit>
		<Unit filename="../../external/irrlicht/source/Irrlicht/COctreeSceneNode.cpp">
			<Option virtualFolder="irrlicht/source/Irrlicht" />
		</Unit>
		<Unit filename="../../external/irrlicht/source/Irrlicht/CImage.cpp">
			<Option virtualFolder="irrlicht/source/Irrlicht" />
		</Unit>
		<Unit filename="../../external/irrlicht/source/Irrlicht/CSceneLoaderIrr.cpp">
			<Option virtualFolder="irrlicht/source/Irrlicht" />
		</Unit>
		<Unit filename="../../external/irrlicht/source/Irrlicht/CAttributes.cpp">
			<Option virtualFolder="irrlicht/source/Irrlicht" />
		</Unit>
		<Unit filename="../../external/irrlicht/source/Irrlicht/CMountPointReader.cpp">
			<Option virtualFolder="irrlicht/source/Irrlicht" />
		</Unit>
		<Unit filename="../../external/irrlicht/source/Irrlicht/COSOperator.cpp">
			<Option virtualFolder="irrlicht/source/Irrlicht" />
		</Unit>
		<Unit filename="../../external/irrlicht/source/Irrlicht/COpenGLExtensionHandler.cpp">
			<Option virtualFolder="irrlicht/source/Irrlicht" />
		</Unit>
		<Unit filename="../../external/irrlicht/source/Irrlicht/CXMLWriter.cpp">
			<Option virtualFolder="irrlicht/source/Irrlicht" />
		</Unit>
		<Unit filename="../../external/irrlicht/source/Irrlicht/CSMFMeshFileLoader.cpp">
			<Option virtualFolder="irrlicht/source/Irrlicht" />
		</Unit>
		<Unit filename="../../external/irrlicht/source/Irrlicht/CGUITabControl.cpp">
			<Option virtualFolder="irrlicht/source/Irrlicht" />
		</Unit>
		<Unit filename="../../external/irrlicht/source/Irrlicht/CTRTextureDetailMap2.cpp">
			<Option virtualFolder="irrlicht/source/Irrlicht" />
		</Unit>
		<Unit filename="../../external/irrlicht/source/Irrlicht/CTRTextureGouraudNoZ.cpp">
			<Option virtualFolder="irrlicht/source/Irrlicht" />
		</Unit>
		<Unit filename="../../external/irrlicht/source/Irrlicht/CImageLoaderDDS.cpp">
			<Option virtualFolder="irrlicht/source/Irrlicht" />
		</Unit>
		<Unit filename="../../external/irrlicht/source/Irrlicht/CSceneNodeAnimatorTexture.cpp">
			<Option virtualFolder="irrlicht/source/Irrlicht" />
		</Unit>
		<Unit filename="../../external/irrlicht/source/Irrlicht/CIrrDeviceLinux.cpp">
			<Option virtualFolder="irrlicht/source/Irrlicht" />
		</Unit>
		<Unit filename="../../external/irrlicht/source/Irrlicht/CGUITreeView.cpp">
			<Option virtualFolder="irrlicht/source/Irrlicht" />
		</Unit>
		<Unit filename="../../external/irrlicht/source/Irrlicht/IBurningShader.cpp">
			<Option virtualFolder="irrlicht/source/Irrlicht" />
		</Unit>
		<Unit filename="../../external/irrlicht/source/Irrlicht/CGUIMenu.cpp">
			<Option virtualFolder="irrlicht/source/Irrlicht" />
		</Unit>
		<Unit filename="../../external/irrlicht/source/Irrlicht/CImageLoaderPSD.cpp">
			<Option virtualFolder="irrlicht/source/Irrlicht" />
		</Unit>
		<Unit filename="../../external/irrlicht/source/Irrlicht/CColladaFileLoader.cpp">
			<Option virtualFolder="irrlicht/source/Irrlicht" />
		</Unit>
		<Unit filename="../../external/irrlicht/source/Irrlicht/CD3D8ParallaxMapRenderer.cpp">
			<Option virtualFolder="irrlicht/source/Irrlicht" />
		</Unit>
		<Unit filename="../../external/irrlicht/source/Irrlicht/CQ3LevelMesh.cpp">
			<Option virtualFolder="irrlicht/source/Irrlicht" />
		</Unit>
		<Unit filename="../../external/irrlicht/source/Irrlicht/CGUIContextMenu.cpp">
			<Option virtualFolder="irrlicht/source/Irrlicht" />
		</Unit>
		<Unit filename="../../external/irrlicht/source/Irrlicht/CDefaultSceneNodeFactory.cpp">
			<Option virtualFolder="irrlicht/source/Irrlicht" />
		</Unit>
		<Unit filename="../../external/irrlicht/source/Irrlicht/CVolumeLightSceneNode.cpp">
			<Option virtualFolder="irrlicht/source/Irrlicht" />
		</Unit>
		<Unit filename="../../external/irrlicht/source/Irrlicht/CSceneCollisionManager.cpp">
			<Option virtualFolder="irrlicht/source/Irrlicht" />
		</Unit>
		<Unit filename="../../external/irrlicht/source/Irrlicht/CSceneNodeAnimatorFlyStraight.cpp">
			<Option virtualFolder="irrlicht/source/Irrlicht" />
		</Unit>
		<Unit filename="../../external/irrlicht/source/Irrlicht/CEmptySceneNode.cpp">
			<Option virtualFolder="irrlicht/source/Irrlicht" />
		</Unit>
		<Unit filename="../../external/irrlicht/source/Irrlicht/COCTLoader.cpp">
			<Option virtualFolder="irrlicht/source/Irrlicht" />
		</Unit>
		<Unit filename="../../external/irrlicht/source/Irrlicht/CMemoryFile.cpp">
			<Option virtualFolder="irrlicht/source/Irrlicht" />
		</Unit>
		<Unit filename="../../external/irrlicht/source/Irrlicht/CFileSystem.cpp">
			<Option virtualFolder="irrlicht/source/Irrlicht" />
		</Unit>
		<Unit filename="../../external/irrlicht/source/Irrlicht/CMY3DMeshFileLoader.cpp">
			<Option virtualFolder="irrlicht/source/Irrlicht" />
		</Unit>
		<Unit filename="../../external/irrlicht/source/Irrlicht/CTRTextureGouraudAlpha.cpp">
			<Option virtualFolder="irrlicht/source/Irrlicht" />
		</Unit>
		<Unit filename="../../external/irrlicht/source/Irrlicht/CImageWriterPSD.cpp">
			<Option virtualFolder="irrlicht/source/Irrlicht" />
		</Unit>
		<Unit filename="../../external/irrlicht/source/Irrlicht/CGUIToolBar.cpp">
			<Option virtualFolder="irrlicht/source/Irrlicht" />
		</Unit>
		<Unit filename="../../external/irrlicht/source/Irrlicht/CImageLoaderTGA.cpp">
			<Option virtualFolder="irrlicht/source/Irrlicht" />
		</Unit>
		<Unit filename="../../external/irrlicht/source/Irrlicht/CGUIStaticText.cpp">
			<Option virtualFolder="irrlicht/source/Irrlicht" />
		</Unit>
		<Unit filename="../../external/irrlicht/source/Irrlicht/CZBuffer.cpp">
			<Option virtualFolder="irrlicht/source/Irrlicht" />
		</Unit>
		<Unit filename="../../external/irrlicht/source/Irrlicht/CLWOMeshFileLoader.cpp">
			<Option virtualFolder="irrlicht/source/Irrlicht" />
		</Unit>
		<Unit filename="../../external/irrlicht/source/Irrlicht/CTRTextureLightMap2_M4.cpp">
			<Option virtualFolder="irrlicht/source/Irrlicht" />
		</Unit>
		<Unit filename="../../external/irrlicht/source/Irrlicht/CSoftwareDriver2.cpp">
			<Option virtualFolder="irrlicht/source/Irrlicht" />
		</Unit>
		<Unit filename="../../external/irrlicht/source/Irrlicht/CBoneSceneNode.cpp">
			<Option virtualFolder="irrlicht/source/Irrlicht" />
		</Unit>
		<Unit filename="../../external/irrlicht/source/Irrlicht/CTRNormalMap.cpp">
			<Option virtualFolder="irrlicht/source/Irrlicht" />
		</Unit>
		<Unit filename="../../external/irrlicht/source/Irrlicht/COctreeTriangleSelector.cpp">
			<Option virtualFolder="irrlicht/source/Irrlicht" />
		</Unit>
		<Unit filename="../../external/irrlicht/source/Irrlicht/CFileList.cpp">
			<Option virtualFolder="irrlicht/source/Irrlicht" />
		</Unit>
		<Unit filename="../../external/irrlicht/source/Irrlicht/CD3D9Driver.cpp">
			<Option virtualFolder="irrlicht/source/Irrlicht" />
		</Unit>
		<Unit filename="../../external/irrlicht/source/Irrlicht/CTRGouraud2.cpp">
			<Option virtualFolder="irrlicht/source/Irrlicht" />
		</Unit>
		<Unit filename="../../external/irrlicht/source/Irrlicht/CTRTextureGouraudVertexAlpha2.cpp">
			<Option virtualFolder="irrlicht/source/Irrlicht" />
		</Unit>
		<Unit filename="../../external/irrlicht/source/Irrlicht/COpenGLSLMaterialRenderer.cpp">
			<Option virtualFolder="irrlicht/source/Irrlicht" />
		</Unit>
		<Unit filename="../../external/irrlicht/source/Irrlicht/CGUIScrollBar.cpp">
			<Option virtualFolder="irrlicht/source/Irrlicht" />
		</Unit>
		<Unit filename="../../external/irrlicht/source/Irrlicht/CD3D9NormalMapRenderer.cpp">
			<Option virtualFolder="irrlicht/source/Irrlicht" />
		</Unit>
		<Unit filename="../../external/irrlicht/source/Irrlicht/CSceneNodeAnimatorCollisionResponse.cpp">
			<Option virtualFolder="irrlicht/source/Irrlicht" />
		</Unit>
		<Unit filename="../../external/irrlicht/source/Irrlicht/CGUICheckBox.cpp">
			<Option virtualFolder="irrlicht/source/Irrlicht" />
		</Unit>
		<Unit filename="../../external/irrlicht/source/Irrlicht/CParticleAnimatedMeshSceneNodeEmitter.cpp">
			<Option virtualFolder="irrlicht/source/Irrlicht" />
		</Unit>
		<Unit filename="../../external/irrlicht/source/Irrlicht/CSceneNodeAnimatorCameraMaya.cpp">
			<Option virtualFolder="irrlicht/source/Irrlicht" />
		</Unit>
		<Unit filename="../../external/irrlicht/source/Irrlicht/CGUIModalScreen.cpp">
			<Option virtualFolder="irrlicht/source/Irrlicht" />
		</Unit>
		<Unit filename="../../external/irrlicht/source/Irrlicht/CDefaultGUIElementFactory.cpp">
			<Option virtualFolder="irrlicht/source/Irrlicht" />
		</Unit>
		<Unit filename="../../external/irrlicht/source/Irrlicht/CTRTextureGouraudAdd2.cpp">
			<Option virtualFolder="irrlicht/source/Irrlicht" />
		</Unit>
		<Unit filename="../../external/irrlicht/source/Irrlicht/COpenGLTexture.cpp">
			<Option virtualFolder="irrlicht/source/Irrlicht" />
		</Unit>
		<Unit filename="../../external/irrlicht/source/Irrlicht/CGUIFont.cpp">
			<Option virtualFolder="irrlicht/source/Irrlicht" />
		</Unit>
		<Unit filename="../../external/irrlicht/source/Irrlicht/C3DSMeshFileLoader.cpp">
			<Option virtualFolder="irrlicht/source/Irrlicht" />
		</Unit>
		<Unit filename="../../external/irrlicht/source/Irrlicht/CTRTextureGouraudWire.cpp">
			<Option virtualFolder="irrlicht/source/Irrlicht" />
		</Unit>
		<Unit filename="../../external/irrlicht/source/Irrlicht/CSoftwareDriver.cpp">
			<Option virtualFolder="irrlicht/source/Irrlicht" />
		</Unit>
		<Unit filename="../../external/irrlicht/source/Irrlicht/aesGladman/hmac.cpp">
			<Option virtualFolder="irrlicht/source/Irrlicht/aesGladman" />
		</Unit>
		<Unit filename="../../external/irrlicht/source/Irrlicht/aesGladman/pwd2key.cpp">
			<Option virtualFolder="irrlicht/source/Irrlicht/aesGladman" />
		</Unit>
		<Unit filename="../../external/irrlicht/source/Irrlicht/aesGladman/sha2.cpp">
			<Option virtualFolder="irrlicht/source/Irrlicht/aesGladman" />
		</Unit>
		<Unit filename="../../external/irrlicht/source/Irrlicht/aesGladman/sha1.cpp">
			<Option virtualFolder="irrlicht/source/Irrlicht/aesGladman" />
		</Unit>
		<Unit filename="../../external/irrlicht/source/Irrlicht/aesGladman/aestab.cpp">
			<Option virtualFolder="irrlicht/source/Irrlicht/aesGladman" />
		</Unit>
		<Unit filename="../../external/irrlicht/source/Irrlicht/aesGladman/fileenc.cpp">
			<Option virtualFolder="irrlicht/source/Irrlicht/aesGladman" />
		</Unit>
		<Unit filename="../../external/irrlicht/source/Irrlicht/aesGladman/prng.cpp">
			<Option virtualFolder="irrlicht/source/Irrlicht/aesGladman" />
		</Unit>
		<Unit filename="../../external/irrlicht/source/Irrlicht/aesGladman/aeskey.cpp">
			<Option virtualFolder="irrlicht/source/Irrlicht/aesGladman" />
		</Unit>
		<Unit filename="../../external/irrlicht/source/Irrlicht/aesGladman/aescrypt.cpp">
			<Option virtualFolder="irrlicht/source/Irrlicht/aesGladman" />
		</Unit>
		<Unit filename="../../external/irrlicht/source/Irrlicht/aesGladman/sha1.h">
			<Option virtualFolder="irrlicht/source/Irrlicht/aesGladman" />
		</Unit>
		<Unit filename="../../external/irrlicht/source/Irrlicht/aesGladman/prng.h">
			<Option virtualFolder="irrlicht/source/Irrlicht/aesGladman" />
		</Unit>
		<Unit filename="../../external/irrlicht/source/Irrlicht/aesGladman/pwd2key.h">
			<Option virtualFolder="irrlicht/source/Irrlicht/aesGladman" />
		</Unit>
		<Unit filename="../../external/irrlicht/source/Irrlicht/aesGladman/aes.h">
			<Option virtualFolder="irrlicht/source/Irrlicht/aesGladman" />
		</Unit>
		<Unit filename="../../external/irrlicht/source/Irrlicht/aesGladman/aesopt.h">
			<Option virtualFolder="irrlicht/source/Irrlicht/aesGladman" />
		</Unit>
		<Unit filename="../../external/irrlicht/source/Irrlicht/aesGladman/fileenc.h">
			<Option virtualFolder="irrlicht/source/Irrlicht/aesGladman" />
		</Unit>
		<Unit filename="../../external/irrlicht/source/Irrlicht/aesGladman/sha2.h">
			<Option virtualFolder="irrlicht/source/Irrlicht/aesGladman" />
		</Unit>
		<Unit filename="../../external/irrlicht/source/Irrlicht/aesGladman/hmac.h">
			<Option virtualFolder="irrlicht/source/Irrlicht/aesGladman" />
		</Unit>
		<Unit filename="../../external/irrlicht/source/Irrlicht/jpeglib/wrtarga.c">
			<Option virtualFolder="irrlicht/source/Irrlicht/jpeglib" />
			<Option compilerVar="CC" />
		</Unit>
		<Unit filename="../../external/irrlicht/source/Irrlicht/jpeglib/wrgif.c">
			<Option virtualFolder="irrlicht/source/Irrlicht/jpeglib" />
			<Option compilerVar="CC" />
		</Unit>
		<Unit filename="../../external/irrlicht/source/Irrlicht/jpeglib/jcinit.c">
			<Option virtualFolder="irrlicht/source/Irrlicht/jpeglib" />
			<Option compilerVar="CC" />
		</Unit>
		<Unit filename="../../external/irrlicht/source/Irrlicht/jpeglib/jdatadst.c">
			<Option virtualFolder="irrlicht/source/Irrlicht/jpeglib" />
			<Option compilerVar="CC" />
		</Unit>
		<Unit filename="../../external/irrlicht/source/Irrlicht/jpeglib/jaricom.c">
			<Option virtualFolder="irrlicht/source/Irrlicht/jpeglib" />
			<Option compilerVar="CC" />
		</Unit>
		<Unit filename="../../external/irrlicht/source/Irrlicht/jpeglib/rdrle.c">
			<Option virtualFolder="irrlicht/source/Irrlicht/jpeglib" />
			<Option compilerVar="CC" />
		</Unit>
		<Unit filename="../../external/irrlicht/source/Irrlicht/jpeglib/ansi2knr.c">
			<Option virtualFolder="irrlicht/source/Irrlicht/jpeglib" />
			<Option compilerVar="CC" />
		</Unit>
		<Unit filename="../../external/irrlicht/source/Irrlicht/jpeglib/jccoefct.c">
			<Option virtualFolder="irrlicht/source/Irrlicht/jpeglib" />
			<Option compilerVar="CC" />
		</Unit>
		<Unit filename="../../external/irrlicht/source/Irrlicht/jpeglib/jidctflt.c">
			<Option virtualFolder="irrlicht/source/Irrlicht/jpeglib" />
			<Option compilerVar="CC" />
		</Unit>
		<Unit filename="../../external/irrlicht/source/Irrlicht/jpeglib/jcparam.c">
			<Option virtualFolder="irrlicht/source/Irrlicht/jpeglib" />
			<Option compilerVar="CC" />
		</Unit>
		<Unit filename="../../external/irrlicht/source/Irrlicht/jpeglib/jfdctint.c">
			<Option virtualFolder="irrlicht/source/Irrlicht/jpeglib" />
			<Option compilerVar="CC" />
		</Unit>
		<Unit filename="../../external/irrlicht/source/Irrlicht/jpeglib/jdarith.c">
			<Option virtualFolder="irrlicht/source/Irrlicht/jpeglib" />
			<Option compilerVar="CC" />
		</Unit>
		<Unit filename="../../external/irrlicht/source/Irrlicht/jpeglib/djpeg.c">
			<Option virtualFolder="irrlicht/source/Irrlicht/jpeglib" />
			<Option compilerVar="CC" />
		</Unit>
		<Unit filename="../../external/irrlicht/source/Irrlicht/jpeglib/transupp.c">
			<Option virtualFolder="irrlicht/source/Irrlicht/jpeglib" />
			<Option compilerVar="CC" />
		</Unit>
		<Unit filename="../../external/irrlicht/source/Irrlicht/jpeglib/rdtarga.c">
			<Option virtualFolder="irrlicht/source/Irrlicht/jpeglib" />
			<Option compilerVar="CC" />
		</Unit>
		<Unit filename="../../external/irrlicht/source/Irrlicht/jpeglib/jdmaster.c">
			<Option virtualFolder="irrlicht/source/Irrlicht/jpeglib" />
			<Option compilerVar="CC" />
		</Unit>
		<Unit filename="../../external/irrlicht/source/Irrlicht/jpeglib/rdcolmap.c">
			<Option virtualFolder="irrlicht/source/Irrlicht/jpeglib" />
			<Option compilerVar="CC" />
		</Unit>
		<Unit filename="../../external/irrlicht/source/Irrlicht/jpeglib/jcprepct.c">
			<Option virtualFolder="irrlicht/source/Irrlicht/jpeglib" />
			<Option compilerVar="CC" />
		</Unit>
		<Unit filename="../../external/irrlicht/source/Irrlicht/jpeglib/jdcoefct.c">
			<Option virtualFolder="irrlicht/source/Irrlicht/jpeglib" />
			<Option compilerVar="CC" />
		</Unit>
		<Unit filename="../../external/irrlicht/source/Irrlicht/jpeglib/jddctmgr.c">
			<Option virtualFolder="irrlicht/source/Irrlicht/jpeglib" />
			<Option compilerVar="CC" />
		</Unit>
		<Unit filename="../../external/irrlicht/source/Irrlicht/jpeglib/jdhuff.c">
			<Option virtualFolder="irrlicht/source/Irrlicht/jpeglib" />
			<Option compilerVar="CC" />
		</Unit>
		<Unit filename="../../external/irrlicht/source/Irrlicht/jpeglib/jutils.c">
			<Option virtualFolder="irrlicht/source/Irrlicht/jpeglib" />
			<Option compilerVar="CC" />
		</Unit>
		<Unit filename="../../external/irrlicht/source/Irrlicht/jpeglib/jcdctmgr.c">
			<Option virtualFolder="irrlicht/source/Irrlicht/jpeglib" />
			<Option compilerVar="CC" />
		</Unit>
		<Unit filename="../../external/irrlicht/source/Irrlicht/jpeglib/wrbmp.c">
			<Option virtualFolder="irrlicht/source/Irrlicht/jpeglib" />
			<Option compilerVar="CC" />
		</Unit>
		<Unit filename="../../external/irrlicht/source/Irrlicht/jpeglib/jdatasrc.c">
			<Option virtualFolder="irrlicht/source/Irrlicht/jpeglib" />
			<Option compilerVar="CC" />
		</Unit>
		<Unit filename="../../external/irrlicht/source/Irrlicht/jpeglib/jidctint.c">
			<Option virtualFolder="irrlicht/source/Irrlicht/jpeglib" />
			<Option compilerVar="CC" />
		</Unit>
		<Unit filename="../../external/irrlicht/source/Irrlicht/jpeglib/jdinput.c">
			<Option virtualFolder="irrlicht/source/Irrlicht/jpeglib" />
			<Option compilerVar="CC" />
		</Unit>
		<Unit filename="../../external/irrlicht/source/Irrlicht/jpeglib/jerror.c">
			<Option virtualFolder="irrlicht/source/Irrlicht/jpeglib" />
			<Option compilerVar="CC" />
		</Unit>
		<Unit filename="../../external/irrlicht/source/Irrlicht/jpeglib/jfdctflt.c">
			<Option virtualFolder="irrlicht/source/Irrlicht/jpeglib" />
			<Option compilerVar="CC" />
		</Unit>
		<Unit filename="../../external/irrlicht/source/Irrlicht/jpeglib/jmemname.c">
			<Option virtualFolder="irrlicht/source/Irrlicht/jpeglib" />
			<Option compilerVar="CC" />
		</Unit>
		<Unit filename="../../external/irrlicht/source/Irrlicht/jpeglib/jmemnobs.c">
			<Option virtualFolder="irrlicht/source/Irrlicht/jpeglib" />
			<Option compilerVar="CC" />
		</Unit>
		<Unit filename="../../external/irrlicht/source/Irrlicht/jpeglib/jccolor.c">
			<Option virtualFolder="irrlicht/source/Irrlicht/jpeglib" />
			<Option compilerVar="CC" />
		</Unit>
		<Unit filename="../../external/irrlicht/source/Irrlicht/jpeglib/wrppm.c">
			<Option virtualFolder="irrlicht/source/Irrlicht/jpeglib" />
			<Option compilerVar="CC" />
		</Unit>
		<Unit filename="../../external/irrlicht/source/Irrlicht/jpeglib/jdmerge.c">
			<Option virtualFolder="irrlicht/source/Irrlicht/jpeglib" />
			<Option compilerVar="CC" />
		</Unit>
		<Unit filename="../../external/irrlicht/source/Irrlicht/jpeglib/jcomapi.c">
			<Option virtualFolder="irrlicht/source/Irrlicht/jpeglib" />
			<Option compilerVar="CC" />
		</Unit>
		<Unit filename="../../external/irrlicht/source/Irrlicht/jpeglib/jdpostct.c">
			<Option virtualFolder="irrlicht/source/Irrlicht/jpeglib" />
			<Option compilerVar="CC" />
		</Unit>
		<Unit filename="../../external/irrlicht/source/Irrlicht/jpeglib/cjpeg.c">
			<Option virtualFolder="irrlicht/source/Irrlicht/jpeglib" />
			<Option compilerVar="CC" />
		</Unit>
		<Unit filename="../../external/irrlicht/source/Irrlicht/jpeglib/jquant2.c">
			<Option virtualFolder="irrlicht/source/Irrlicht/jpeglib" />
			<Option compilerVar="CC" />
		</Unit>
		<Unit filename="../../external/irrlicht/source/Irrlicht/jpeglib/jcmarker.c">
			<Option virtualFolder="irrlicht/source/Irrlicht/jpeglib" />
			<Option compilerVar="CC" />
		</Unit>
		<Unit filename="../../external/irrlicht/source/Irrlicht/jpeglib/jcapimin.c">
			<Option virtualFolder="irrlicht/source/Irrlicht/jpeglib" />
			<Option compilerVar="CC" />
		</Unit>
		<Unit filename="../../external/irrlicht/source/Irrlicht/jpeglib/jidctfst.c">
			<Option virtualFolder="irrlicht/source/Irrlicht/jpeglib" />
			<Option compilerVar="CC" />
		</Unit>
		<Unit filename="../../external/irrlicht/source/Irrlicht/jpeglib/jcarith.c">
			<Option virtualFolder="irrlicht/source/Irrlicht/jpeglib" />
			<Option compilerVar="CC" />
		</Unit>
		<Unit filename="../../external/irrlicht/source/Irrlicht/jpeglib/jchuff.c">
			<Option virtualFolder="irrlicht/source/Irrlicht/jpeglib" />
			<Option compilerVar="CC" />
		</Unit>
		<Unit filename="../../external/irrlicht/source/Irrlicht/jpeglib/jmemansi.c">
			<Option virtualFolder="irrlicht/source/Irrlicht/jpeglib" />
			<Option compilerVar="CC" />
		</Unit>
		<Unit filename="../../external/irrlicht/source/Irrlicht/jpeglib/jdcolor.c">
			<Option virtualFolder="irrlicht/source/Irrlicht/jpeglib" />
			<Option compilerVar="CC" />
		</Unit>
		<Unit filename="../../external/irrlicht/source/Irrlicht/jpeglib/jdapistd.c">
			<Option virtualFolder="irrlicht/source/Irrlicht/jpeglib" />
			<Option compilerVar="CC" />
		</Unit>
		<Unit filename="../../external/irrlicht/source/Irrlicht/jpeglib/ckconfig.c">
			<Option virtualFolder="irrlicht/source/Irrlicht/jpeglib" />
			<Option compilerVar="CC" />
		</Unit>
		<Unit filename="../../external/irrlicht/source/Irrlicht/jpeglib/jdtrans.c">
			<Option virtualFolder="irrlicht/source/Irrlicht/jpeglib" />
			<Option compilerVar="CC" />
		</Unit>
		<Unit filename="../../external/irrlicht/source/Irrlicht/jpeglib/jmemmgr.c">
			<Option virtualFolder="irrlicht/source/Irrlicht/jpeglib" />
			<Option compilerVar="CC" />
		</Unit>
		<Unit filename="../../external/irrlicht/source/Irrlicht/jpeglib/jdmarker.c">
			<Option virtualFolder="irrlicht/source/Irrlicht/jpeglib" />
			<Option compilerVar="CC" />
		</Unit>
		<Unit filename="../../external/irrlicht/source/Irrlicht/jpeglib/jfdctfst.c">
			<Option virtualFolder="irrlicht/source/Irrlicht/jpeglib" />
			<Option compilerVar="CC" />
		</Unit>
		<Unit filename="../../external/irrlicht/source/Irrlicht/jpeglib/wrrle.c">
			<Option virtualFolder="irrlicht/source/Irrlicht/jpeglib" />
			<Option compilerVar="CC" />
		</Unit>
		<Unit filename="../../external/irrlicht/source/Irrlicht/jpeglib/jcsample.c">
			<Option virtualFolder="irrlicht/source/Irrlicht/jpeglib" />
			<Option compilerVar="CC" />
		</Unit>
		<Unit filename="../../external/irrlicht/source/Irrlicht/jpeglib/jcmaster.c">
			<Option virtualFolder="irrlicht/source/Irrlicht/jpeglib" />
			<Option compilerVar="CC" />
		</Unit>
		<Unit filename="../../external/irrlicht/source/Irrlicht/jpeglib/jdsample.c">
			<Option virtualFolder="irrlicht/source/Irrlicht/jpeglib" />
			<Option compilerVar="CC" />
		</Unit>
		<Unit filename="../../external/irrlicht/source/Irrlicht/jpeglib/jcapistd.c">
			<Option virtualFolder="irrlicht/source/Irrlicht/jpeglib" />
			<Option compilerVar="CC" />
		</Unit>
		<Unit filename="../../external/irrlicht/source/Irrlicht/jpeglib/jctrans.c">
			<Option virtualFolder="irrlicht/source/Irrlicht/jpeglib" />
			<Option compilerVar="CC" />
		</Unit>
		<Unit filename="../../external/irrlicht/source/Irrlicht/jpeglib/jquant1.c">
			<Option virtualFolder="irrlicht/source/Irrlicht/jpeglib" />
			<Option compilerVar="CC" />
		</Unit>
		<Unit filename="../../external/irrlicht/source/Irrlicht/jpeglib/jdmainct.c">
			<Option virtualFolder="irrlicht/source/Irrlicht/jpeglib" />
			<Option compilerVar="CC" />
		</Unit>
		<Unit filename="../../external/irrlicht/source/Irrlicht/jpeglib/rdppm.c">
			<Option virtualFolder="irrlicht/source/Irrlicht/jpeglib" />
			<Option compilerVar="CC" />
		</Unit>
		<Unit filename="../../external/irrlicht/source/Irrlicht/jpeglib/jcmainct.c">
			<Option virtualFolder="irrlicht/source/Irrlicht/jpeglib" />
			<Option compilerVar="CC" />
		</Unit>
		<Unit filename="../../external/irrlicht/source/Irrlicht/jpeglib/rdgif.c">
			<Option virtualFolder="irrlicht/source/Irrlicht/jpeglib" />
			<Option compilerVar="CC" />
		</Unit>
		<Unit filename="../../external/irrlicht/source/Irrlicht/jpeglib/rdbmp.c">
			<Option virtualFolder="irrlicht/source/Irrlicht/jpeglib" />
			<Option compilerVar="CC" />
		</Unit>
		<Unit filename="../../external/irrlicht/source/Irrlicht/jpeglib/rdswitch.c">
			<Option virtualFolder="irrlicht/source/Irrlicht/jpeglib" />
			<Option compilerVar="CC" />
		</Unit>
		<Unit filename="../../external/irrlicht/source/Irrlicht/jpeglib/jdapimin.c">
			<Option virtualFolder="irrlicht/source/Irrlicht/jpeglib" />
			<Option compilerVar="CC" />
		</Unit>
		<Unit filename="../../external/irrlicht/source/Irrlicht/jpeglib/jinclude.h">
			<Option virtualFolder="irrlicht/source/Irrlicht/jpeglib" />
		</Unit>
		<Unit filename="../../external/irrlicht/source/Irrlicht/jpeglib/jversion.h">
			<Option virtualFolder="irrlicht/source/Irrlicht/jpeglib" />
		</Unit>
		<Unit filename="../../external/irrlicht/source/Irrlicht/jpeglib/jmorecfg.h">
			<Option virtualFolder="irrlicht/source/Irrlicht/jpeglib" />
		</Unit>
		<Unit filename="../../external/irrlicht/source/Irrlicht/jpeglib/cderror.h">
			<Option virtualFolder="irrlicht/source/Irrlicht/jpeglib" />
		</Unit>
		<Unit filename="../../external/irrlicht/source/Irrlicht/jpeglib/jerror.h">
			<Option virtualFolder="irrlicht/source/Irrlicht/jpeglib" />
		</Unit>
		<Unit filename="../../external/irrlicht/source/Irrlicht/jpeglib/cdjpeg.h">
			<Option virtualFolder="irrlicht/source/Irrlicht/jpeglib" />
		</Unit>
		<Unit filename="../../external/irrlicht/source/Irrlicht/jpeglib/jdct.h">
			<Option virtualFolder="irrlicht/source/Irrlicht/jpeglib" />
		</Unit>
		<Unit filename="../../external/irrlicht/source/Irrlicht/jpeglib/jmemsys.h">
			<Option virtualFolder="irrlicht/source/Irrlicht/jpeglib" />
		</Unit>
		<Unit filename="../../external/irrlicht/source/Irrlicht/jpeglib/jconfig.h">
			<Option virtualFolder="irrlicht/source/Irrlicht/jpeglib" />
		</Unit>
		<Unit filename="../../external/irrlicht/source/Irrlicht/jpeglib/transupp.h">
			<Option virtualFolder="irrlicht/source/Irrlicht/jpeglib" />
		</Unit>
		<Unit filename="../../external/irrlicht/source/Irrlicht/jpeglib/jpegint.h">
			<Option virtualFolder="irrlicht/source/Irrlicht/jpeglib" />
		</Unit>
		<Unit filename="../../external/irrlicht/source/Irrlicht/jpeglib/jpeglib.h">
			<Option virtualFolder="irrlicht/source/Irrlicht/jpeglib" />
		</Unit>
		<Unit filename="../../external/irrlicht/source/Irrlicht/libpng/pngwio.c">
			<Option virtualFolder="irrlicht/source/Irrlicht/libpng" />
			<Option compilerVar="CC" />
		</Unit>
		<Unit filename="../../external/irrlicht/source/Irrlicht/libpng/pngget.c">
			<Option virtualFolder="irrlicht/source/Irrlicht/libpng" />
			<Option compilerVar="CC" />
		</Unit>
		<Unit filename="../../external/irrlicht/source/Irrlicht/libpng/pngrutil.c">
			<Option virtualFolder="irrlicht/source/Irrlicht/libpng" />
			<Option compilerVar="CC" />
		</Unit>
		<Unit filename="../../external/irrlicht/source/Irrlicht/libpng/pngwrite.c">
			<Option virtualFolder="irrlicht/source/Irrlicht/libpng" />
			<Option compilerVar="CC" />
		</Unit>
		<Unit filename="../../external/irrlicht/source/Irrlicht/libpng/pngtest.c">
			<Option virtualFolder="irrlicht/source/Irrlicht/libpng" />
			<Option compilerVar="CC" />
		</Unit>
		<Unit filename="../../external/irrlicht/source/Irrlicht/libpng/pngset.c">
			<Option virtualFolder="irrlicht/source/Irrlicht/libpng" />
			<Option compilerVar="CC" />
		</Unit>
		<Unit filename="../../external/irrlicht/source/Irrlicht/libpng/pngread.c">
			<Option virtualFolder="irrlicht/source/Irrlicht/libpng" />
			<Option compilerVar="CC" />
		</Unit>
		<Unit filename="../../external/irrlicht/source/Irrlicht/libpng/png.c">
			<Option virtualFolder="irrlicht/source/Irrlicht/libpng" />
			<Option compilerVar="CC" />
		</Unit>
		<Unit filename="../../external/irrlicht/source/Irrlicht/libpng/pngmem.c">
			<Option virtualFolder="irrlicht/source/Irrlicht/libpng" />
			<Option compilerVar="CC" />
		</Unit>
		<Unit filename="../../external/irrlicht/source/Irrlicht/libpng/pngwutil.c">
			<Option virtualFolder="irrlicht/source/Irrlicht/libpng" />
			<Option compilerVar="CC" />
		</Unit>
		<Unit filename="../../external/irrlicht/source/Irrlicht/libpng/pngrio.c">
			<Option virtualFolder="irrlicht/source/Irrlicht/libpng" />
			<Option compilerVar="CC" />
		</Unit>
		<Unit filename="../../external/irrlicht/source/Irrlicht/libpng/pngwtran.c">
			<Option virtualFolder="irrlicht/source/Irrlicht/libpng" />
			<Option compilerVar="CC" />
		</Unit>
		<Unit filename="../../external/irrlicht/source/Irrlicht/libpng/pngrtran.c">
			<Option virtualFolder="irrlicht/source/Irrlicht/libpng" />
			<Option compilerVar="CC" />
		</Unit>
		<Unit filename="../../external/irrlicht/source/Irrlicht/libpng/pngerror.c">
			<Option virtualFolder="irrlicht/source/Irrlicht/libpng" />
			<Option compilerVar="CC" />
		</Unit>
		<Unit filename="../../external/irrlicht/source/Irrlicht/libpng/pngpread.c">
			<Option virtualFolder="irrlicht/source/Irrlicht/libpng" />
			<Option compilerVar="CC" />
		</Unit>
		<Unit filename="../../external/irrlicht/source/Irrlicht/libpng/pngtrans.c">
			<Option virtualFolder="irrlicht/source/Irrlicht/libpng" />
			<Option compilerVar="CC" />
		</Unit>
		<Unit filename="../../external/irrlicht/source/Irrlicht/libpng/pngstruct.h">
			<Option virtualFolder="irrlicht/source/Irrlicht/libpng" />
		</Unit>
		<Unit filename="../../external/irrlicht/source/Irrlicht/libpng/pnglibconf.h">
			<Option virtualFolder="irrlicht/source/Irrlicht/libpng" />
		</Unit>
		<Unit filename="../../external/irrlicht/source/Irrlicht/libpng/pnginfo.h">
			<Option virtualFolder="irrlicht/source/Irrlicht/libpng" />
		</Unit>
		<Unit filename="../../external/irrlicht/source/Irrlicht/libpng/png.h">
			<Option virtualFolder="irrlicht/source/Irrlicht/libpng" />
		</Unit>
		<Unit filename="../../external/irrlicht/source/Irrlicht/libpng/pngconf.h">
			<Option virtualFolder="irrlicht/source/Irrlicht/libpng" />
		</Unit>
		<Unit filename="../../external/irrlicht/source/Irrlicht/libpng/pngpriv.h">
			<Option virtualFolder="irrlicht/source/Irrlicht/libpng" />
		</Unit>
		<Unit filename="../../external/irrlicht/source/Irrlicht/libpng/pngdebug.h">
			<Option virtualFolder="irrlicht/source/Irrlicht/libpng" />
		</Unit>
		<Unit filename="../../external/irrlicht/source/Irrlicht/bzip2/spewG.c">
			<Option virtualFolder="irrlicht/source/Irrlicht/bzip2" />
			<Option compilerVar="CC" />
		</Unit>
		<Unit filename="../../external/irrlicht/source/Irrlicht/bzip2/decompress.c">
			<Option virtualFolder="irrlicht/source/Irrlicht/bzip2" />
			<Option compilerVar="CC" />
		</Unit>
		<Unit filename="../../external/irrlicht/source/Irrlicht/bzip2/blocksort.c">
			<Option virtualFolder="irrlicht/source/Irrlicht/bzip2" />
			<Option compilerVar="CC" />
		</Unit>
		<Unit filename="../../external/irrlicht/source/Irrlicht/bzip2/bzcompress.c">
			<Option virtualFolder="irrlicht/source/Irrlicht/bzip2" />
			<Option compilerVar="CC" />
		</Unit>
		<Unit filename="../../external/irrlicht/source/Irrlicht/bzip2/crctable.c">
			<Option virtualFolder="irrlicht/source/Irrlicht/bzip2" />
			<Option compilerVar="CC" />
		</Unit>
		<Unit filename="../../external/irrlicht/source/Irrlicht/bzip2/bzlib.c">
			<Option virtualFolder="irrlicht/source/Irrlicht/bzip2" />
			<Option compilerVar="CC" />
		</Unit>
		<Unit filename="../../external/irrlicht/source/Irrlicht/bzip2/unzcrash.c">
			<Option virtualFolder="irrlicht/source/Irrlicht/bzip2" />
			<Option compilerVar="CC" />
		</Unit>
		<Unit filename="../../external/irrlicht/source/Irrlicht/bzip2/mk251.c">
			<Option virtualFolder="irrlicht/source/Irrlicht/bzip2" />
			<Option compilerVar="CC" />
		</Unit>
		<Unit filename="../../external/irrlicht/source/Irrlicht/bzip2/randtable.c">
			<Option virtualFolder="irrlicht/source/Irrlicht/bzip2" />
			<Option compilerVar="CC" />
		</Unit>
		<Unit filename="../../external/irrlicht/source/Irrlicht/bzip2/bzip2recover.c">
			<Option virtualFolder="irrlicht/source/Irrlicht/bzip2" />
			<Option compilerVar="CC" />
		</Unit>
		<Unit filename="../../external/irrlicht/source/Irrlicht/bzip2/huffman.c">
			<Option virtualFolder="irrlicht/source/Irrlicht/bzip2" />
			<Option compilerVar="CC" />
		</Unit>
		<Unit filename="../../external/irrlicht/source/Irrlicht/bzip2/bzlib_private.h">
			<Option virtualFolder="irrlicht/source/Irrlicht/bzip2" />
		</Unit>
		<Unit filename="../../external/irrlicht/source/Irrlicht/bzip2/bzlib.h">
			<Option virtualFolder="irrlicht/source/Irrlicht/bzip2" />
		</Unit>
		<Unit filename="../../external/irrlicht/source/Irrlicht/lzma/LzmaDec.c">
			<Option virtualFolder="irrlicht/source/Irrlicht/lzma" />
			<Option compilerVar="CC" />
		</Unit>
		<Unit filename="../../external/irrlicht/source/Irrlicht/lzma/LzmaDec.h">
			<Option virtualFolder="irrlicht/source/Irrlicht/lzma" />
		</Unit>
		<Unit filename="../../external/irrlicht/source/Irrlicht/lzma/Types.h">
			<Option virtualFolder="irrlicht/source/Irrlicht/lzma" />
		</Unit>
		<Unit filename="../../external/irrlicht/source/Irrlicht/zlib/compress.c">
			<Option virtualFolder="irrlicht/source/Irrlicht/zlib" />
			<Option compilerVar="CC" />
		</Unit>
		<Unit filename="../../external/irrlicht/source/Irrlicht/zlib/gzclose.c">
			<Option virtualFolder="irrlicht/source/Irrlicht/zlib" />
			<Option compilerVar="CC" />
		</Unit>
		<Unit filename="../../external/irrlicht/source/Irrlicht/zlib/trees.c">
			<Option virtualFolder="irrlicht/source/Irrlicht/zlib" />
			<Option compilerVar="CC" />
		</Unit>
		<Unit filename="../../external/irrlicht/source/Irrlicht/zlib/uncompr.c">
			<Option virtualFolder="irrlicht/source/Irrlicht/zlib" />
			<Option compilerVar="CC" />
		</Unit>
		<Unit filename="../../external/irrlicht/source/Irrlicht/zlib/gzlib.c">
			<Option virtualFolder="irrlicht/source/Irrlicht/zlib" />
			<Option compilerVar="CC" />
		</Unit>
		<Unit filename="../../external/irrlicht/source/Irrlicht/zlib/infback.c">
			<Option virtualFolder="irrlicht/source/Irrlicht/zlib" />
			<Option compilerVar="CC" />
		</Unit>
		<Unit filename="../../external/irrlicht/source/Irrlicht/zlib/deflate.c">
			<Option virtualFolder="irrlicht/source/Irrlicht/zlib" />
			<Option compilerVar="CC" />
		</Unit>
		<Unit filename="../../external/irrlicht/source/Irrlicht/zlib/gzread.c">
			<Option virtualFolder="irrlicht/source/Irrlicht/zlib" />
			<Option compilerVar="CC" />
		</Unit>
		<Unit filename="../../external/irrlicht/source/Irrlicht/zlib/inftrees.c">
			<Option virtualFolder="irrlicht/source/Irrlicht/zlib" />
			<Option compilerVar="CC" />
		</Unit>
		<Unit filename="../../external/irrlicht/source/Irrlicht/zlib/crc32.c">
			<Option virtualFolder="irrlicht/source/Irrlicht/zlib" />
			<Option compilerVar="CC" />
		</Unit>
		<Unit filename="../../external/irrlicht/source/Irrlicht/zlib/adler32.c">
			<Option virtualFolder="irrlicht/source/Irrlicht/zlib" />
			<Option compilerVar="CC" />
		</Unit>
		<Unit filename="../../external/irrlicht/source/Irrlicht/zlib/gzwrite.c">
			<Option virtualFolder="irrlicht/source/Irrlicht/zlib" />
			<Option compilerVar="CC" />
		</Unit>
		<Unit filename="../../external/irrlicht/source/Irrlicht/zlib/inflate.c">
			<Option virtualFolder="irrlicht/source/Irrlicht/zlib" />
			<Option compilerVar="CC" />
		</Unit>
		<Unit filename="../../external/irrlicht/source/Irrlicht/zlib/inffast.c">
			<Option virtualFolder="irrlicht/source/Irrlicht/zlib" />
			<Option compilerVar="CC" />
		</Unit>
		<Unit filename="../../external/irrlicht/source/Irrlicht/zlib/zutil.c">
			<Option virtualFolder="irrlicht/source/Irrlicht/zlib" />
			<Option compilerVar="CC" />
		</Unit>
		<Unit filename="../../external/irrlicht/source/Irrlicht/zlib/zutil.h">
			<Option virtualFolder="irrlicht/source/Irrlicht/zlib" />
		</Unit>
		<Unit filename="../../external/irrlicht/source/Irrlicht/zlib/inffixed.h">
			<Option virtualFolder="irrlicht/source/Irrlicht/zlib" />
		</Unit>
		<Unit filename="../../external/irrlicht/source/Irrlicht/zlib/zlib.h">
			<Option virtualFolder="irrlicht/source/Irrlicht/zlib" />
		</Unit>
		<Unit filename="../../external/irrlicht/source/Irrlicht/zlib/deflate.h">
			<Option virtualFolder="irrlicht/source/Irrlicht/zlib" />
		</Unit>
		<Unit filename="../../external/irrlicht/source/Irrlicht/zlib/inflate.h">
			<Option virtualFolder="irrlicht/source/Irrlicht/zlib" />
		</Unit>
		<Unit filename="../../external/irrlicht/source/Irrlicht/zlib/crc32.h">
			<Option virtualFolder="irrlicht/source/Irrlicht/zlib" />
		</Unit>
		<Unit filename="../../external/irrlicht/source/Irrlicht/zlib/inffast.h">
			<Option virtualFolder="irrlicht/source/Irrlicht/zlib" />
		</Unit>
		<Unit filename="../../external/irrlicht/source/Irrlicht/zlib/zconf.h">
			<Option virtualFolder="irrlicht/source/Irrlicht/zlib" />
		</Unit>
		<Unit filename="../../external/irrlicht/source/Irrlicht/zlib/inftrees.h">
			<Option virtualFolder="irrlicht/source/Irrlicht/zlib" />
		</Unit>
		<Unit filename="../../external/irrlicht/source/Irrlicht/zlib/trees.h">
			<Option virtualFolder="irrlicht/source/Irrlicht/zlib" />
		</Unit>
		<Unit filename="../../external/irrlicht/source/Irrlicht/zlib/gzguts.h">
			<Option virtualFolder="irrlicht/source/Irrlicht/zlib" />
		</Unit>
		<Extensions>
		</Extensions>
	</Project>
</CodeBlocks_project_file>

